// !$*UTF8*$!
{
	archiveVersion = 1;
	classes = {
	};
	objectVersion = 46;
	objects = {

/* Begin PBXBuildFile section */
		46851C401D2B17BF00E37CB4 /* AppDelegate.swift in Sources */ = {isa = PBXBuildFile; fileRef = 46851C3F1D2B17BF00E37CB4 /* AppDelegate.swift */; };
		46851C421D2B17BF00E37CB4 /* ViewController.swift in Sources */ = {isa = PBXBuildFile; fileRef = 46851C411D2B17BF00E37CB4 /* ViewController.swift */; };
		46851C451D2B17BF00E37CB4 /* Main.storyboard in Resources */ = {isa = PBXBuildFile; fileRef = 46851C431D2B17BF00E37CB4 /* Main.storyboard */; };
		46851C471D2B17BF00E37CB4 /* Assets.xcassets in Resources */ = {isa = PBXBuildFile; fileRef = 46851C461D2B17BF00E37CB4 /* Assets.xcassets */; };
		46851C4A1D2B17BF00E37CB4 /* LaunchScreen.storyboard in Resources */ = {isa = PBXBuildFile; fileRef = 46851C481D2B17BF00E37CB4 /* LaunchScreen.storyboard */; };
		46851C551D2B17BF00E37CB4 /* TaxCalculatorTests.swift in Sources */ = {isa = PBXBuildFile; fileRef = 46851C541D2B17BF00E37CB4 /* TaxCalculatorTests.swift */; };
		46851C601D2B17BF00E37CB4 /* TaxCalculatorUITests.swift in Sources */ = {isa = PBXBuildFile; fileRef = 46851C5F1D2B17BF00E37CB4 /* TaxCalculatorUITests.swift */; };
/* End PBXBuildFile section */

/* Begin PBXContainerItemProxy section */
		46851C511D2B17BF00E37CB4 /* PBXContainerItemProxy */ = {
			isa = PBXContainerItemProxy;
			containerPortal = 46851C341D2B17BF00E37CB4 /* Project object */;
			proxyType = 1;
			remoteGlobalIDString = 46851C3B1D2B17BF00E37CB4;
			remoteInfo = TaxCalculator;
		};
		46851C5C1D2B17BF00E37CB4 /* PBXContainerItemProxy */ = {
			isa = PBXContainerItemProxy;
			containerPortal = 46851C341D2B17BF00E37CB4 /* Project object */;
			proxyType = 1;
			remoteGlobalIDString = 46851C3B1D2B17BF00E37CB4;
			remoteInfo = TaxCalculator;
		};
/* End PBXContainerItemProxy section */

/* Begin PBXFileReference section */
		46851C3C1D2B17BF00E37CB4 /* TaxCalculator.app */ = {isa = PBXFileReference; explicitFileType = wrapper.application; includeInIndex = 0; path = TaxCalculator.app; sourceTree = BUILT_PRODUCTS_DIR; };
		46851C3F1D2B17BF00E37CB4 /* AppDelegate.swift */ = {isa = PBXFileReference; lastKnownFileType = sourcecode.swift; path = AppDelegate.swift; sourceTree = "<group>"; };
		46851C411D2B17BF00E37CB4 /* ViewController.swift */ = {isa = PBXFileReference; lastKnownFileType = sourcecode.swift; path = ViewController.swift; sourceTree = "<group>"; };
		46851C441D2B17BF00E37CB4 /* Base */ = {isa = PBXFileReference; lastKnownFileType = file.storyboard; name = Base; path = Base.lproj/Main.storyboard; sourceTree = "<group>"; };
		46851C461D2B17BF00E37CB4 /* Assets.xcassets */ = {isa = PBXFileReference; lastKnownFileType = folder.assetcatalog; path = Assets.xcassets; sourceTree = "<group>"; };
		46851C491D2B17BF00E37CB4 /* Base */ = {isa = PBXFileReference; lastKnownFileType = file.storyboard; name = Base; path = Base.lproj/LaunchScreen.storyboard; sourceTree = "<group>"; };
		46851C4B1D2B17BF00E37CB4 /* Info.plist */ = {isa = PBXFileReference; lastKnownFileType = text.plist.xml; path = Info.plist; sourceTree = "<group>"; };
		46851C501D2B17BF00E37CB4 /* TaxCalculatorTests.xctest */ = {isa = PBXFileReference; explicitFileType = wrapper.cfbundle; includeInIndex = 0; path = TaxCalculatorTests.xctest; sourceTree = BUILT_PRODUCTS_DIR; };
		46851C541D2B17BF00E37CB4 /* TaxCalculatorTests.swift */ = {isa = PBXFileReference; lastKnownFileType = sourcecode.swift; path = TaxCalculatorTests.swift; sourceTree = "<group>"; };
		46851C561D2B17BF00E37CB4 /* Info.plist */ = {isa = PBXFileReference; lastKnownFileType = text.plist.xml; path = Info.plist; sourceTree = "<group>"; };
		46851C5B1D2B17BF00E37CB4 /* TaxCalculatorUITests.xctest */ = {isa = PBXFileReference; explicitFileType = wrapper.cfbundle; includeInIndex = 0; path = TaxCalculatorUITests.xctest; sourceTree = BUILT_PRODUCTS_DIR; };
		46851C5F1D2B17BF00E37CB4 /* TaxCalculatorUITests.swift */ = {isa = PBXFileReference; lastKnownFileType = sourcecode.swift; path = TaxCalculatorUITests.swift; sourceTree = "<group>"; };
		46851C611D2B17BF00E37CB4 /* Info.plist */ = {isa = PBXFileReference; lastKnownFileType = text.plist.xml; path = Info.plist; sourceTree = "<group>"; };
/* End PBXFileReference section */

/* Begin PBXFrameworksBuildPhase section */
		46851C391D2B17BF00E37CB4 /* Frameworks */ = {
			isa = PBXFrameworksBuildPhase;
			buildActionMask = 2147483647;
			files = (
			);
			runOnlyForDeploymentPostprocessing = 0;
		};
		46851C4D1D2B17BF00E37CB4 /* Frameworks */ = {
			isa = PBXFrameworksBuildPhase;
			buildActionMask = 2147483647;
			files = (
			);
			runOnlyForDeploymentPostprocessing = 0;
		};
		46851C581D2B17BF00E37CB4 /* Frameworks */ = {
			isa = PBXFrameworksBuildPhase;
			buildActionMask = 2147483647;
			files = (
			);
			runOnlyForDeploymentPostprocessing = 0;
		};
/* End PBXFrameworksBuildPhase section */

/* Begin PBXGroup section */
		46851C331D2B17BF00E37CB4 = {
			isa = PBXGroup;
			children = (
				46851C3E1D2B17BF00E37CB4 /* TaxCalculator */,
				46851C531D2B17BF00E37CB4 /* TaxCalculatorTests */,
				46851C5E1D2B17BF00E37CB4 /* TaxCalculatorUITests */,
				46851C3D1D2B17BF00E37CB4 /* Products */,
			);
			sourceTree = "<group>";
		};
		46851C3D1D2B17BF00E37CB4 /* Products */ = {
			isa = PBXGroup;
			children = (
				46851C3C1D2B17BF00E37CB4 /* TaxCalculator.app */,
				46851C501D2B17BF00E37CB4 /* TaxCalculatorTests.xctest */,
				46851C5B1D2B17BF00E37CB4 /* TaxCalculatorUITests.xctest */,
			);
			name = Products;
			sourceTree = "<group>";
		};
		46851C3E1D2B17BF00E37CB4 /* TaxCalculator */ = {
			isa = PBXGroup;
			children = (
				46851C3F1D2B17BF00E37CB4 /* AppDelegate.swift */,
				46851C411D2B17BF00E37CB4 /* ViewController.swift */,
				46851C431D2B17BF00E37CB4 /* Main.storyboard */,
				46851C461D2B17BF00E37CB4 /* Assets.xcassets */,
				46851C481D2B17BF00E37CB4 /* LaunchScreen.storyboard */,
				46851C4B1D2B17BF00E37CB4 /* Info.plist */,
			);
			path = TaxCalculator;
			sourceTree = "<group>";
		};
		46851C531D2B17BF00E37CB4 /* TaxCalculatorTests */ = {
			isa = PBXGroup;
			children = (
				46851C541D2B17BF00E37CB4 /* TaxCalculatorTests.swift */,
				46851C561D2B17BF00E37CB4 /* Info.plist */,
			);
			path = TaxCalculatorTests;
			sourceTree = "<group>";
		};
		46851C5E1D2B17BF00E37CB4 /* TaxCalculatorUITests */ = {
			isa = PBXGroup;
			children = (
				46851C5F1D2B17BF00E37CB4 /* TaxCalculatorUITests.swift */,
				46851C611D2B17BF00E37CB4 /* Info.plist */,
			);
			path = TaxCalculatorUITests;
			sourceTree = "<group>";
		};
/* End PBXGroup section */

/* Begin PBXNativeTarget section */
		46851C3B1D2B17BF00E37CB4 /* TaxCalculator */ = {
			isa = PBXNativeTarget;
			buildConfigurationList = 46851C641D2B17BF00E37CB4 /* Build configuration list for PBXNativeTarget "TaxCalculator" */;
			buildPhases = (
				46851C381D2B17BF00E37CB4 /* Sources */,
				46851C391D2B17BF00E37CB4 /* Frameworks */,
				46851C3A1D2B17BF00E37CB4 /* Resources */,
			);
			buildRules = (
			);
			dependencies = (
			);
			name = TaxCalculator;
			productName = TaxCalculator;
			productReference = 46851C3C1D2B17BF00E37CB4 /* TaxCalculator.app */;
			productType = "com.apple.product-type.application";
		};
		46851C4F1D2B17BF00E37CB4 /* TaxCalculatorTests */ = {
			isa = PBXNativeTarget;
			buildConfigurationList = 46851C671D2B17BF00E37CB4 /* Build configuration list for PBXNativeTarget "TaxCalculatorTests" */;
			buildPhases = (
				46851C4C1D2B17BF00E37CB4 /* Sources */,
				46851C4D1D2B17BF00E37CB4 /* Frameworks */,
				46851C4E1D2B17BF00E37CB4 /* Resources */,
			);
			buildRules = (
			);
			dependencies = (
				46851C521D2B17BF00E37CB4 /* PBXTargetDependency */,
			);
			name = TaxCalculatorTests;
			productName = TaxCalculatorTests;
			productReference = 46851C501D2B17BF00E37CB4 /* TaxCalculatorTests.xctest */;
			productType = "com.apple.product-type.bundle.unit-test";
		};
		46851C5A1D2B17BF00E37CB4 /* TaxCalculatorUITests */ = {
			isa = PBXNativeTarget;
			buildConfigurationList = 46851C6A1D2B17BF00E37CB4 /* Build configuration list for PBXNativeTarget "TaxCalculatorUITests" */;
			buildPhases = (
				46851C571D2B17BF00E37CB4 /* Sources */,
				46851C581D2B17BF00E37CB4 /* Frameworks */,
				46851C591D2B17BF00E37CB4 /* Resources */,
			);
			buildRules = (
			);
			dependencies = (
				46851C5D1D2B17BF00E37CB4 /* PBXTargetDependency */,
			);
			name = TaxCalculatorUITests;
			productName = TaxCalculatorUITests;
			productReference = 46851C5B1D2B17BF00E37CB4 /* TaxCalculatorUITests.xctest */;
			productType = "com.apple.product-type.bundle.ui-testing";
		};
/* End PBXNativeTarget section */

/* Begin PBXProject section */
		46851C341D2B17BF00E37CB4 /* Project object */ = {
			isa = PBXProject;
			attributes = {
				LastSwiftUpdateCheck = 0720;
				LastUpgradeCheck = 0720;
				ORGANIZATIONNAME = lalaphoon;
				TargetAttributes = {
					46851C3B1D2B17BF00E37CB4 = {
						CreatedOnToolsVersion = 7.2.1;
					};
					46851C4F1D2B17BF00E37CB4 = {
						CreatedOnToolsVersion = 7.2.1;
						TestTargetID = 46851C3B1D2B17BF00E37CB4;
					};
					46851C5A1D2B17BF00E37CB4 = {
						CreatedOnToolsVersion = 7.2.1;
						TestTargetID = 46851C3B1D2B17BF00E37CB4;
					};
				};
			};
			buildConfigurationList = 46851C371D2B17BF00E37CB4 /* Build configuration list for PBXProject "TaxCalculator" */;
			compatibilityVersion = "Xcode 3.2";
			developmentRegion = English;
			hasScannedForEncodings = 0;
			knownRegions = (
				en,
				Base,
			);
			mainGroup = 46851C331D2B17BF00E37CB4;
			productRefGroup = 46851C3D1D2B17BF00E37CB4 /* Products */;
			projectDirPath = "";
			projectRoot = "";
			targets = (
				46851C3B1D2B17BF00E37CB4 /* TaxCalculator */,
				46851C4F1D2B17BF00E37CB4 /* TaxCalculatorTests */,
				46851C5A1D2B17BF00E37CB4 /* TaxCalculatorUITests */,
			);
		};
/* End PBXProject section */

/* Begin PBXResourcesBuildPhase section */
		46851C3A1D2B17BF00E37CB4 /* Resources */ = {
			isa = PBXResourcesBuildPhase;
			buildActionMask = 2147483647;
			files = (
				46851C4A1D2B17BF00E37CB4 /* LaunchScreen.storyboard in Resources */,
				46851C471D2B17BF00E37CB4 /* Assets.xcassets in Resources */,
				46851C451D2B17BF00E37CB4 /* Main.storyboard in Resources */,
			);
			runOnlyForDeploymentPostprocessing = 0;
		};
		46851C4E1D2B17BF00E37CB4 /* Resources */ = {
			isa = PBXResourcesBuildPhase;
			buildActionMask = 2147483647;
			files = (
			);
			runOnlyForDeploymentPostprocessing = 0;
		};
		46851C591D2B17BF00E37CB4 /* Resources */ = {
			isa = PBXResourcesBuildPhase;
			buildActionMask = 2147483647;
			files = (
			);
			runOnlyForDeploymentPostprocessing = 0;
		};
/* End PBXResourcesBuildPhase section */

/* Begin PBXSourcesBuildPhase section */
		46851C381D2B17BF00E37CB4 /* Sources */ = {
			isa = PBXSourcesBuildPhase;
			buildActionMask = 2147483647;
			files = (
				46851C421D2B17BF00E37CB4 /* ViewController.swift in Sources */,
				46851C401D2B17BF00E37CB4 /* AppDelegate.swift in Sources */,
			);
			runOnlyForDeploymentPostprocessing = 0;
		};
		46851C4C1D2B17BF00E37CB4 /* Sources */ = {
			isa = PBXSourcesBuildPhase;
			buildActionMask = 2147483647;
			files = (
				46851C551D2B17BF00E37CB4 /* TaxCalculatorTests.swift in Sources */,
			);
			runOnlyForDeploymentPostprocessing = 0;
		};
		46851C571D2B17BF00E37CB4 /* Sources */ = {
			isa = PBXSourcesBuildPhase;
			buildActionMask = 2147483647;
			files = (
				46851C601D2B17BF00E37CB4 /* TaxCalculatorUITests.swift in Sources */,
			);
			runOnlyForDeploymentPostprocessing = 0;
		};
/* End PBXSourcesBuildPhase section */

/* Begin PBXTargetDependency section */
		46851C521D2B17BF00E37CB4 /* PBXTargetDependency */ = {
			isa = PBXTargetDependency;
			target = 46851C3B1D2B17BF00E37CB4 /* TaxCalculator */;
			targetProxy = 46851C511D2B17BF00E37CB4 /* PBXContainerItemProxy */;
		};
		46851C5D1D2B17BF00E37CB4 /* PBXTargetDependency */ = {
			isa = PBXTargetDependency;
			target = 46851C3B1D2B17BF00E37CB4 /* TaxCalculator */;
			targetProxy = 46851C5C1D2B17BF00E37CB4 /* PBXContainerItemProxy */;
		};
/* End PBXTargetDependency section */

/* Begin PBXVariantGroup section */
		46851C431D2B17BF00E37CB4 /* Main.storyboard */ = {
			isa = PBXVariantGroup;
			children = (
				46851C441D2B17BF00E37CB4 /* Base */,
			);
			name = Main.storyboard;
			sourceTree = "<group>";
		};
		46851C481D2B17BF00E37CB4 /* LaunchScreen.storyboard */ = {
			isa = PBXVariantGroup;
			children = (
				46851C491D2B17BF00E37CB4 /* Base */,
			);
			name = LaunchScreen.storyboard;
			sourceTree = "<group>";
		};
/* End PBXVariantGroup section */

/* Begin XCBuildConfiguration section */
		46851C621D2B17BF00E37CB4 /* Debug */ = {
			isa = XCBuildConfiguration;
			buildSettings = {
				ALWAYS_SEARCH_USER_PATHS = NO;
				CLANG_CXX_LANGUAGE_STANDARD = "gnu++0x";
				CLANG_CXX_LIBRARY = "libc++";
				CLANG_ENABLE_MODULES = YES;
				CLANG_ENABLE_OBJC_ARC = YES;
				CLANG_WARN_BOOL_CONVERSION = YES;
				CLANG_WARN_CONSTANT_CONVERSION = YES;
				CLANG_WARN_DIRECT_OBJC_ISA_USAGE = YES_ERROR;
				CLANG_WARN_EMPTY_BODY = YES;
				CLANG_WARN_ENUM_CONVERSION = YES;
				CLANG_WARN_INT_CONVERSION = YES;
				CLANG_WARN_OBJC_ROOT_CLASS = YES_ERROR;
				CLANG_WARN_UNREACHABLE_CODE = YES;
				CLANG_WARN__DUPLICATE_METHOD_MATCH = YES;
				"CODE_SIGN_IDENTITY[sdk=iphoneos*]" = "iPhone Developer";
				COPY_PHASE_STRIP = NO;
				DEBUG_INFORMATION_FORMAT = dwarf;
				ENABLE_STRICT_OBJC_MSGSEND = YES;
				ENABLE_TESTABILITY = YES;
				GCC_C_LANGUAGE_STANDARD = gnu99;
				GCC_DYNAMIC_NO_PIC = NO;
				GCC_NO_COMMON_BLOCKS = YES;
				GCC_OPTIMIZATION_LEVEL = 0;
				GCC_PREPROCESSOR_DEFINITIONS = (
					"DEBUG=1",
					"$(inherited)",
				);
				GCC_WARN_64_TO_32_BIT_CONVERSION = YES;
				GCC_WARN_ABOUT_RETURN_TYPE = YES_ERROR;
				GCC_WARN_UNDECLARED_SELECTOR = YES;
				GCC_WARN_UNINITIALIZED_AUTOS = YES_AGGRESSIVE;
				GCC_WARN_UNUSED_FUNCTION = YES;
				GCC_WARN_UNUSED_VARIABLE = YES;
				IPHONEOS_DEPLOYMENT_TARGET = 9.2;
				MTL_ENABLE_DEBUG_INFO = YES;
				ONLY_ACTIVE_ARCH = YES;
				SDKROOT = iphoneos;
				SWIFT_OPTIMIZATION_LEVEL = "-Onone";
				TARGETED_DEVICE_FAMILY = "1,2";
			};
			name = Debug;
		};
		46851C631D2B17BF00E37CB4 /* Release */ = {
			isa = XCBuildConfiguration;
			buildSettings = {
				ALWAYS_SEARCH_USER_PATHS = NO;
				CLANG_CXX_LANGUAGE_STANDARD = "gnu++0x";
				CLANG_CXX_LIBRARY = "libc++";
				CLANG_ENABLE_MODULES = YES;
				CLANG_ENABLE_OBJC_ARC = YES;
				CLANG_WARN_BOOL_CONVERSION = YES;
				CLANG_WARN_CONSTANT_CONVERSION = YES;
				CLANG_WARN_DIRECT_OBJC_ISA_USAGE = YES_ERROR;
				CLANG_WARN_EMPTY_BODY = YES;
				CLANG_WARN_ENUM_CONVERSION = YES;
				CLANG_WARN_INT_CONVERSION = YES;
				CLANG_WARN_OBJC_ROOT_CLASS = YES_ERROR;
				CLANG_WARN_UNREACHABLE_CODE = YES;
				CLANG_WARN__DUPLICATE_METHOD_MATCH = YES;
				"CODE_SIGN_IDENTITY[sdk=iphoneos*]" = "iPhone Developer";
				COPY_PHASE_STRIP = NO;
				DEBUG_INFORMATION_FORMAT = "dwarf-with-dsym";
				ENABLE_NS_ASSERTIONS = NO;
				ENABLE_STRICT_OBJC_MSGSEND = YES;
				GCC_C_LANGUAGE_STANDARD = gnu99;
				GCC_NO_COMMON_BLOCKS = YES;
				GCC_WARN_64_TO_32_BIT_CONVERSION = YES;
				GCC_WARN_ABOUT_RETURN_TYPE = YES_ERROR;
				GCC_WARN_UNDECLARED_SELECTOR = YES;
				GCC_WARN_UNINITIALIZED_AUTOS = YES_AGGRESSIVE;
				GCC_WARN_UNUSED_FUNCTION = YES;
				GCC_WARN_UNUSED_VARIABLE = YES;
				IPHONEOS_DEPLOYMENT_TARGET = 9.2;
				MTL_ENABLE_DEBUG_INFO = NO;
				SDKROOT = iphoneos;
				TARGETED_DEVICE_FAMILY = "1,2";
				VALIDATE_PRODUCT = YES;
			};
			name = Release;
		};
		46851C651D2B17BF00E37CB4 /* Debug */ = {
			isa = XCBuildConfiguration;
			buildSettings = {
				ASSETCATALOG_COMPILER_APPICON_NAME = AppIcon;
				INFOPLIST_FILE = TaxCalculator/Info.plist;
				LD_RUNPATH_SEARCH_PATHS = "$(inherited) @executable_path/Frameworks";
				PRODUCT_BUNDLE_IDENTIFIER = lala.TaxCalculator;
				PRODUCT_NAME = "$(TARGET_NAME)";
			};
			name = Debug;
		};
		46851C661D2B17BF00E37CB4 /* Release */ = {
			isa = XCBuildConfiguration;
			buildSettings = {
				ASSETCATALOG_COMPILER_APPICON_NAME = AppIcon;
				INFOPLIST_FILE = TaxCalculator/Info.plist;
				LD_RUNPATH_SEARCH_PATHS = "$(inherited) @executable_path/Frameworks";
				PRODUCT_BUNDLE_IDENTIFIER = lala.TaxCalculator;
				PRODUCT_NAME = "$(TARGET_NAME)";
			};
			name = Release;
		};
		46851C681D2B17BF00E37CB4 /* Debug */ = {
			isa = XCBuildConfiguration;
			buildSettings = {
				BUNDLE_LOADER = "$(TEST_HOST)";
				INFOPLIST_FILE = TaxCalculatorTests/Info.plist;
				LD_RUNPATH_SEARCH_PATHS = "$(inherited) @executable_path/Frameworks @loader_path/Frameworks";
				PRODUCT_BUNDLE_IDENTIFIER = lala.TaxCalculatorTests;
				PRODUCT_NAME = "$(TARGET_NAME)";
				TEST_HOST = "$(BUILT_PRODUCTS_DIR)/TaxCalculator.app/TaxCalculator";
			};
			name = Debug;
		};
		46851C691D2B17BF00E37CB4 /* Release */ = {
			isa = XCBuildConfiguration;
			buildSettings = {
				BUNDLE_LOADER = "$(TEST_HOST)";
				INFOPLIST_FILE = TaxCalculatorTests/Info.plist;
				LD_RUNPATH_SEARCH_PATHS = "$(inherited) @executable_path/Frameworks @loader_path/Frameworks";
				PRODUCT_BUNDLE_IDENTIFIER = lala.TaxCalculatorTests;
				PRODUCT_NAME = "$(TARGET_NAME)";
				TEST_HOST = "$(BUILT_PRODUCTS_DIR)/TaxCalculator.app/TaxCalculator";
			};
			name = Release;
		};
		46851C6B1D2B17BF00E37CB4 /* Debug */ = {
			isa = XCBuildConfiguration;
			buildSettings = {
				INFOPLIST_FILE = TaxCalculatorUITests/Info.plist;
				LD_RUNPATH_SEARCH_PATHS = "$(inherited) @executable_path/Frameworks @loader_path/Frameworks";
				PRODUCT_BUNDLE_IDENTIFIER = lala.TaxCalculatorUITests;
				PRODUCT_NAME = "$(TARGET_NAME)";
				TEST_TARGET_NAME = TaxCalculator;
				USES_XCTRUNNER = YES;
			};
			name = Debug;
		};
		46851C6C1D2B17BF00E37CB4 /* Release */ = {
			isa = XCBuildConfiguration;
			buildSettings = {
				INFOPLIST_FILE = TaxCalculatorUITests/Info.plist;
				LD_RUNPATH_SEARCH_PATHS = "$(inherited) @executable_path/Frameworks @loader_path/Frameworks";
				PRODUCT_BUNDLE_IDENTIFIER = lala.TaxCalculatorUITests;
				PRODUCT_NAME = "$(TARGET_NAME)";
				TEST_TARGET_NAME = TaxCalculator;
				USES_XCTRUNNER = YES;
			};
			name = Release;
		};
/* End XCBuildConfiguration section */

/* Begin XCConfigurationList section */
		46851C371D2B17BF00E37CB4 /* Build configuration list for PBXProject "TaxCalculator" */ = {
			isa = XCConfigurationList;
			buildConfigurations = (
				46851C621D2B17BF00E37CB4 /* Debug */,
				46851C631D2B17BF00E37CB4 /* Release */,
			);
			defaultConfigurationIsVisible = 0;
			defaultConfigurationName = Release;
		};
		46851C641D2B17BF00E37CB4 /* Build configuration list for PBXNativeTarget "TaxCalculator" */ = {
			isa = XCConfigurationList;
			buildConfigurations = (
				46851C651D2B17BF00E37CB4 /* Debug */,
				46851C661D2B17BF00E37CB4 /* Release */,
			);
			defaultConfigurationIsVisible = 0;
		};
		46851C671D2B17BF00E37CB4 /* Build configuration list for PBXNativeTarget "TaxCalculatorTests" */ = {
			isa = XCConfigurationList;
			buildConfigurations = (
				46851C681D2B17BF00E37CB4 /* Debug */,
				46851C691D2B17BF00E37CB4 /* Release */,
			);
			defaultConfigurationIsVisible = 0;
		};
		46851C6A1D2B17BF00E37CB4 /* Build configuration list for PBXNativeTarget "TaxCalculatorUITests" */ = {
			isa = XCConfigurationList;
			buildConfigurations = (
				46851C6B1D2B17BF00E37CB4 /* Debug */,
				46851C6C1D2B17BF00E37CB4 /* Release */,
			);
			defaultConfigurationIsVisible = 0;
		};
/* End XCConfigurationList section */
	};
	rootObject = 46851C341D2B17BF00E37CB4 /* Project object */;
}
