// !$*UTF8*$!
{
	archiveVersion = 1;
	classes = {
	};
	objectVersion = 46;
	objects = {

/* Begin PBXBuildFile section */
		01DCDF86920F4079C17E626C /* Pods_TaxCalculatorTests.framework in Frameworks */ = {isa = PBXBuildFile; fileRef = 7737827E1F0141EC1792D492 /* Pods_TaxCalculatorTests.framework */; };
		46006C8E1D80AF4800CCBFFE /* EmptyBackgroundView.swift in Sources */ = {isa = PBXBuildFile; fileRef = 46006C8D1D80AF4800CCBFFE /* EmptyBackgroundView.swift */; };
		46006C901D82332900CCBFFE /* SubMenuViewController.swift in Sources */ = {isa = PBXBuildFile; fileRef = 46006C8F1D82332900CCBFFE /* SubMenuViewController.swift */; };
		46006C921D82346F00CCBFFE /* CustomCell.swift in Sources */ = {isa = PBXBuildFile; fileRef = 46006C911D82346F00CCBFFE /* CustomCell.swift */; };
		46006C971D82360D00CCBFFE /* NormalCell.xib in Resources */ = {isa = PBXBuildFile; fileRef = 46006C961D82360D00CCBFFE /* NormalCell.xib */; };
		46006C991D82361E00CCBFFE /* TextfieldCell.xib in Resources */ = {isa = PBXBuildFile; fileRef = 46006C981D82361E00CCBFFE /* TextfieldCell.xib */; };
		46006C9B1D82362500CCBFFE /* DatePickerCell.xib in Resources */ = {isa = PBXBuildFile; fileRef = 46006C9A1D82362500CCBFFE /* DatePickerCell.xib */; };
		46006C9D1D82363500CCBFFE /* SwitchCell.xib in Resources */ = {isa = PBXBuildFile; fileRef = 46006C9C1D82363500CCBFFE /* SwitchCell.xib */; };
		46006C9F1D82363C00CCBFFE /* ValuePickerCell.xib in Resources */ = {isa = PBXBuildFile; fileRef = 46006C9E1D82363C00CCBFFE /* ValuePickerCell.xib */; };
		46006CA11D82364400CCBFFE /* SliderCell.xib in Resources */ = {isa = PBXBuildFile; fileRef = 46006CA01D82364400CCBFFE /* SliderCell.xib */; };
		46006CA31D82365000CCBFFE /* CellDescriptor.plist in Resources */ = {isa = PBXBuildFile; fileRef = 46006CA21D82365000CCBFFE /* CellDescriptor.plist */; };
		460173751DAD231E002BE015 /* HelperLibrary.swift in Sources */ = {isa = PBXBuildFile; fileRef = 460173741DAD231E002BE015 /* HelperLibrary.swift */; };
		460173771DAE76C5002BE015 /* Social.framework in Frameworks */ = {isa = PBXBuildFile; fileRef = 460173761DAE76C5002BE015 /* Social.framework */; };
		4601737B1DAFC7DC002BE015 /* DeviceInfo.swift in Sources */ = {isa = PBXBuildFile; fileRef = 4601737A1DAFC7DC002BE015 /* DeviceInfo.swift */; };
		4601737F1DB116B5002BE015 /* TermsViewController.swift in Sources */ = {isa = PBXBuildFile; fileRef = 4601737E1DB116B5002BE015 /* TermsViewController.swift */; };
		460173811DB1C2D9002BE015 /* PrivacyViewController.swift in Sources */ = {isa = PBXBuildFile; fileRef = 460173801DB1C2D9002BE015 /* PrivacyViewController.swift */; };
		460173831DB1C4C5002BE015 /* privacy.html in Resources */ = {isa = PBXBuildFile; fileRef = 460173821DB1C4C5002BE015 /* privacy.html */; };
		460173851DB1D483002BE015 /* privacyCSS.css in Resources */ = {isa = PBXBuildFile; fileRef = 460173841DB1D483002BE015 /* privacyCSS.css */; };
		460173871DB1F7F9002BE015 /* Terms.html in Resources */ = {isa = PBXBuildFile; fileRef = 460173861DB1F7F9002BE015 /* Terms.html */; };
		46020E0B1D5791AE0050C400 /* Fonts.swift in Sources */ = {isa = PBXBuildFile; fileRef = 46020E0A1D5791AE0050C400 /* Fonts.swift */; };
		460417451E1350A2003D5C9A /* DataHelper.swift in Sources */ = {isa = PBXBuildFile; fileRef = 460417441E1350A2003D5C9A /* DataHelper.swift */; };
		46069F681E0ABBFF00AA5A98 /* ForeignInvestmentIncome.swift in Sources */ = {isa = PBXBuildFile; fileRef = 46069F671E0ABBFF00AA5A98 /* ForeignInvestmentIncome.swift */; };
		460910F71D4178D5003C6A65 /* CoreDataSaver.swift in Sources */ = {isa = PBXBuildFile; fileRef = 460910F61D4178D5003C6A65 /* CoreDataSaver.swift */; };
		460910F91D41A4C1003C6A65 /* User.swift in Sources */ = {isa = PBXBuildFile; fileRef = 460910F81D41A4C1003C6A65 /* User.swift */; };
		460910FB1D41A6C7003C6A65 /* User+CoreDataProperties.swift in Sources */ = {isa = PBXBuildFile; fileRef = 460910FA1D41A6C7003C6A65 /* User+CoreDataProperties.swift */; };
		460910FE1D41A999003C6A65 /* CoreDataFetcher.swift in Sources */ = {isa = PBXBuildFile; fileRef = 460910FD1D41A999003C6A65 /* CoreDataFetcher.swift */; };
		460911001D428C0F003C6A65 /* StepThree.swift in Sources */ = {isa = PBXBuildFile; fileRef = 460910FF1D428C0F003C6A65 /* StepThree.swift */; };
		460911021D428C69003C6A65 /* StepFour.swift in Sources */ = {isa = PBXBuildFile; fileRef = 460911011D428C69003C6A65 /* StepFour.swift */; };
		460911041D42C364003C6A65 /* UserSettingsViewController.swift in Sources */ = {isa = PBXBuildFile; fileRef = 460911031D42C364003C6A65 /* UserSettingsViewController.swift */; };
		4609F8281DF058F300BC9ED8 /* RRSP.swift in Sources */ = {isa = PBXBuildFile; fileRef = 4609F8271DF058F300BC9ED8 /* RRSP.swift */; };
		460A25AE1E33569A0051C11C /* OntarioTax.swift in Sources */ = {isa = PBXBuildFile; fileRef = 460A25AD1E33569A0051C11C /* OntarioTax.swift */; };
		460A25B11E3376FE0051C11C /* AlbertaTax.swift in Sources */ = {isa = PBXBuildFile; fileRef = 460A25B01E3376FE0051C11C /* AlbertaTax.swift */; };
		460A25B31E33CB430051C11C /* BritishColumbiaTax.swift in Sources */ = {isa = PBXBuildFile; fileRef = 460A25B21E33CB430051C11C /* BritishColumbiaTax.swift */; };
		460BDEB91E35D0EB0023C04E /* ManitobaTax.swift in Sources */ = {isa = PBXBuildFile; fileRef = 460BDEB81E35D0EB0023C04E /* ManitobaTax.swift */; };
		460BDEBC1E3680990023C04E /* Sasketchewan.swift in Sources */ = {isa = PBXBuildFile; fileRef = 460BDEBB1E3680990023C04E /* Sasketchewan.swift */; };
		460D32B11E29655800A31D3E /* ProvincialTaxPro.swift in Sources */ = {isa = PBXBuildFile; fileRef = 460D32B01E29655800A31D3E /* ProvincialTaxPro.swift */; };
		4613227D1E4E6C3900371F75 /* NorthwestTerritoriesTax.swift in Sources */ = {isa = PBXBuildFile; fileRef = 4613227C1E4E6C3900371F75 /* NorthwestTerritoriesTax.swift */; };
		4615EF911D9502F2007CDEAA /* DefinitionViewController.swift in Sources */ = {isa = PBXBuildFile; fileRef = 4615EF901D9502F2007CDEAA /* DefinitionViewController.swift */; };
		4615EF971D990B9E007CDEAA /* ResultCell.xib in Resources */ = {isa = PBXBuildFile; fileRef = 4615EF961D990B9E007CDEAA /* ResultCell.xib */; };
		4615F8EC1E3842E000444E48 /* YukonTax.swift in Sources */ = {isa = PBXBuildFile; fileRef = 4615F8EB1E3842E000444E48 /* YukonTax.swift */; };
		4615F8EE1E395C8100444E48 /* NewBrunswickTax.swift in Sources */ = {isa = PBXBuildFile; fileRef = 4615F8ED1E395C8000444E48 /* NewBrunswickTax.swift */; };
		4629A86B1D777D4A006533BC /* InterestIncome.swift in Sources */ = {isa = PBXBuildFile; fileRef = 4629A86A1D777D4A006533BC /* InterestIncome.swift */; };
		4629A86D1D7B622C006533BC /* Tax credit.swift in Sources */ = {isa = PBXBuildFile; fileRef = 4629A86C1D7B622C006533BC /* Tax credit.swift */; };
		462A71791DA0E0510032444E /* Record+CoreDataProperties.swift in Sources */ = {isa = PBXBuildFile; fileRef = 462A71771DA0E0510032444E /* Record+CoreDataProperties.swift */; };
		462A717A1DA0E0510032444E /* Record.swift in Sources */ = {isa = PBXBuildFile; fileRef = 462A71781DA0E0510032444E /* Record.swift */; };
		462A717D1DA0E0AE0032444E /* TableCellData+CoreDataProperties.swift in Sources */ = {isa = PBXBuildFile; fileRef = 462A717B1DA0E0AE0032444E /* TableCellData+CoreDataProperties.swift */; };
		462A717E1DA0E0AE0032444E /* TableCellData.swift in Sources */ = {isa = PBXBuildFile; fileRef = 462A717C1DA0E0AE0032444E /* TableCellData.swift */; };
		462A71811DA0E0CC0032444E /* Value+CoreDataProperties.swift in Sources */ = {isa = PBXBuildFile; fileRef = 462A717F1DA0E0CC0032444E /* Value+CoreDataProperties.swift */; };
		462A71821DA0E0CC0032444E /* Value.swift in Sources */ = {isa = PBXBuildFile; fileRef = 462A71801DA0E0CC0032444E /* Value.swift */; };
		462A71841DA0E55A0032444E /* README - Core Data Turotial in Resources */ = {isa = PBXBuildFile; fileRef = 462A71831DA0E55A0032444E /* README - Core Data Turotial */; };
		462A71871DA65F860032444E /* SettingsTableViewController.swift in Sources */ = {isa = PBXBuildFile; fileRef = 462A71861DA65F860032444E /* SettingsTableViewController.swift */; };
		462D62651D33279000D4FE94 /* AppDelegate.swift in Sources */ = {isa = PBXBuildFile; fileRef = 462D62641D33279000D4FE94 /* AppDelegate.swift */; };
		462D626A1D33279000D4FE94 /* Main.storyboard in Resources */ = {isa = PBXBuildFile; fileRef = 462D62681D33279000D4FE94 /* Main.storyboard */; };
		462D626D1D33279000D4FE94 /* TaxCalculator.xcdatamodeld in Sources */ = {isa = PBXBuildFile; fileRef = 462D626B1D33279000D4FE94 /* TaxCalculator.xcdatamodeld */; };
		462D626F1D33279000D4FE94 /* Assets.xcassets in Resources */ = {isa = PBXBuildFile; fileRef = 462D626E1D33279000D4FE94 /* Assets.xcassets */; };
		462D62721D33279000D4FE94 /* LaunchScreen.storyboard in Resources */ = {isa = PBXBuildFile; fileRef = 462D62701D33279000D4FE94 /* LaunchScreen.storyboard */; };
		462D627D1D33279100D4FE94 /* TaxCalculatorTests.swift in Sources */ = {isa = PBXBuildFile; fileRef = 462D627C1D33279100D4FE94 /* TaxCalculatorTests.swift */; };
		462D62881D33279100D4FE94 /* TaxCalculatorUITests.swift in Sources */ = {isa = PBXBuildFile; fileRef = 462D62871D33279100D4FE94 /* TaxCalculatorUITests.swift */; };
		462D62961D332FCE00D4FE94 /* Colors.swift in Sources */ = {isa = PBXBuildFile; fileRef = 462D62951D332FCE00D4FE94 /* Colors.swift */; };
		46344BCE1E4E49D1001F6536 /* NovaScotiaTax.swift in Sources */ = {isa = PBXBuildFile; fileRef = 46344BCD1E4E49D1001F6536 /* NovaScotiaTax.swift */; };
		46369E011D459ACC00456B69 /* MessageUI.framework in Frameworks */ = {isa = PBXBuildFile; fileRef = 46369E001D459ACC00456B69 /* MessageUI.framework */; };
		46369E031D459ADC00456B69 /* CoreLocation.framework in Frameworks */ = {isa = PBXBuildFile; fileRef = 46369E021D459ADC00456B69 /* CoreLocation.framework */; };
		46369E051D4912E700456B69 /* OrderedDictionary.swift in Sources */ = {isa = PBXBuildFile; fileRef = 46369E041D4912E700456B69 /* OrderedDictionary.swift */; };
		463CDAD21E0FAD760096076F /* OldAgeSecurityPension.swift in Sources */ = {isa = PBXBuildFile; fileRef = 463CDAD11E0FAD760096076F /* OldAgeSecurityPension.swift */; };
		465C74FA1D62282800F9572A /* ResultViewController.swift in Sources */ = {isa = PBXBuildFile; fileRef = 465C74F91D62282800F9572A /* ResultViewController.swift */; };
		465C74FD1D62A3F100F9572A /* HistoryViewController.swift in Sources */ = {isa = PBXBuildFile; fileRef = 465C74FC1D62A3F100F9572A /* HistoryViewController.swift */; };
		4670331E1D5FC75900688802 /* InputsViewController.swift in Sources */ = {isa = PBXBuildFile; fileRef = 4670331D1D5FC75900688802 /* InputsViewController.swift */; };
		467033201D612F8900688802 /* ProfileViewController.swift in Sources */ = {isa = PBXBuildFile; fileRef = 4670331F1D612F8900688802 /* ProfileViewController.swift */; };
		467D34961D380110008D820B /* StartViewController.swift in Sources */ = {isa = PBXBuildFile; fileRef = 467D34951D380110008D820B /* StartViewController.swift */; };
		467D34981D381D61008D820B /* CalculatorViewController.swift in Sources */ = {isa = PBXBuildFile; fileRef = 467D34971D381D61008D820B /* CalculatorViewController.swift */; };
		467EFC401D36EE1B00D3358D /* StepOne.swift in Sources */ = {isa = PBXBuildFile; fileRef = 467EFC3F1D36EE1B00D3358D /* StepOne.swift */; };
		467EFC421D36EE3700D3358D /* StepZero.swift in Sources */ = {isa = PBXBuildFile; fileRef = 467EFC411D36EE3700D3358D /* StepZero.swift */; };
		467EFC441D36EEDA00D3358D /* StepTwo.swift in Sources */ = {isa = PBXBuildFile; fileRef = 467EFC431D36EEDA00D3358D /* StepTwo.swift */; };
		467EFC461D36F16E00D3358D /* OnboardingPagesViewController.swift in Sources */ = {isa = PBXBuildFile; fileRef = 467EFC451D36F16E00D3358D /* OnboardingPagesViewController.swift */; };
		467EFC481D36F1BA00D3358D /* UIHelperLibrary.swift in Sources */ = {isa = PBXBuildFile; fileRef = 467EFC471D36F1BA00D3358D /* UIHelperLibrary.swift */; };
		4684CA741D5D5D9B009B0598 /* TopicsViewController.swift in Sources */ = {isa = PBXBuildFile; fileRef = 4684CA731D5D5D9B009B0598 /* TopicsViewController.swift */; };
		4684CA761D5D5E0B009B0598 /* SubTopicsViewController.swift in Sources */ = {isa = PBXBuildFile; fileRef = 4684CA751D5D5E0B009B0598 /* SubTopicsViewController.swift */; };
		468E07451D6E1B8300290D70 /* DividendIncome.swift in Sources */ = {isa = PBXBuildFile; fileRef = 468E07441D6E1B8300290D70 /* DividendIncome.swift */; };
		469C30BC1D918C74002BBB4C /* TableCell.xib in Resources */ = {isa = PBXBuildFile; fileRef = 469C30BB1D918C74002BBB4C /* TableCell.xib */; };
		46B9E1C31D67A7A400B80106 /* HomeViewController.swift in Sources */ = {isa = PBXBuildFile; fileRef = 46B9E1C21D67A7A400B80106 /* HomeViewController.swift */; };
		46DD94711D3D65F800EC6294 /* SWRevealViewController.m in Sources */ = {isa = PBXBuildFile; fileRef = 46DD94701D3D65F800EC6294 /* SWRevealViewController.m */; };
		46DD94751D3D76EF00EC6294 /* StartTabBarViewController.swift in Sources */ = {isa = PBXBuildFile; fileRef = 46DD94741D3D76EF00EC6294 /* StartTabBarViewController.swift */; };
		46E972871D6BE4A1007AAD82 /* TaxBaseClasses.swift in Sources */ = {isa = PBXBuildFile; fileRef = 46E972861D6BE4A1007AAD82 /* TaxBaseClasses.swift */; };
		46E972891D6BF28F007AAD82 /* Employment.swift in Sources */ = {isa = PBXBuildFile; fileRef = 46E972881D6BF28F007AAD82 /* Employment.swift */; };
		46FDB8CE1D9D4831005DE2EF /* SavedHistoryViewController.swift in Sources */ = {isa = PBXBuildFile; fileRef = 46FDB8CD1D9D4831005DE2EF /* SavedHistoryViewController.swift */; };
		46FE9DC51D7081E0005A9E2D /* BasicInputsViewController.swift in Sources */ = {isa = PBXBuildFile; fileRef = 46FE9DC41D7081E0005A9E2D /* BasicInputsViewController.swift */; };
		46FE9DCA1D72096A005A9E2D /* AfterResultViewController.swift in Sources */ = {isa = PBXBuildFile; fileRef = 46FE9DC91D72096A005A9E2D /* AfterResultViewController.swift */; };
		46FE9DCC1D723041005A9E2D /* ProcessViewController.swift in Sources */ = {isa = PBXBuildFile; fileRef = 46FE9DCB1D723041005A9E2D /* ProcessViewController.swift */; };
		46FE9DCE1D751B4E005A9E2D /* Menu.swift in Sources */ = {isa = PBXBuildFile; fileRef = 46FE9DCD1D751B4E005A9E2D /* Menu.swift */; };
		46FE9DD01D7684C8005A9E2D /* OptionsViewController.swift in Sources */ = {isa = PBXBuildFile; fileRef = 46FE9DCF1D7684C8005A9E2D /* OptionsViewController.swift */; };
		46FF4E2F1D43E3980028C96E /* TaxPro.swift in Sources */ = {isa = PBXBuildFile; fileRef = 46FF4E2E1D43E3980028C96E /* TaxPro.swift */; };
		46FF4E331D446D0E0028C96E /* ParentOnboardingPagesViewController.swift in Sources */ = {isa = PBXBuildFile; fileRef = 46FF4E321D446D0E0028C96E /* ParentOnboardingPagesViewController.swift */; };
		46FF4E351D4596D50028C96E /* ContactViewController.swift in Sources */ = {isa = PBXBuildFile; fileRef = 46FF4E341D4596D50028C96E /* ContactViewController.swift */; };
		46FF63A11DBB998600D2AE97 /* AboutViewController.swift in Sources */ = {isa = PBXBuildFile; fileRef = 46FF63A01DBB998600D2AE97 /* AboutViewController.swift */; };
		9E6F7F2FD0EDC62A389B25A4 /* Pods_TaxCalculatorUITests.framework in Frameworks */ = {isa = PBXBuildFile; fileRef = 8210293436993C27133F2A38 /* Pods_TaxCalculatorUITests.framework */; };
		D4166594122906E09DD1779A /* Pods_TaxCalculator.framework in Frameworks */ = {isa = PBXBuildFile; fileRef = 77AB9621C7B80B357F3917F4 /* Pods_TaxCalculator.framework */; };
/* End PBXBuildFile section */

/* Begin PBXContainerItemProxy section */
		462D62791D33279100D4FE94 /* PBXContainerItemProxy */ = {
			isa = PBXContainerItemProxy;
			containerPortal = 462D62591D33279000D4FE94 /* Project object */;
			proxyType = 1;
			remoteGlobalIDString = 462D62601D33279000D4FE94;
			remoteInfo = TaxCalculator;
		};
		462D62841D33279100D4FE94 /* PBXContainerItemProxy */ = {
			isa = PBXContainerItemProxy;
			containerPortal = 462D62591D33279000D4FE94 /* Project object */;
			proxyType = 1;
			remoteGlobalIDString = 462D62601D33279000D4FE94;
			remoteInfo = TaxCalculator;
		};
/* End PBXContainerItemProxy section */

/* Begin PBXCopyFilesBuildPhase section */
		462214EF1D8876C800BD334A /* Embed Frameworks */ = {
			isa = PBXCopyFilesBuildPhase;
			buildActionMask = 2147483647;
			dstPath = "";
			dstSubfolderSpec = 10;
			files = (
			);
			name = "Embed Frameworks";
			runOnlyForDeploymentPostprocessing = 0;
		};
/* End PBXCopyFilesBuildPhase section */

/* Begin PBXFileReference section */
		10FA72CB9FB6A65914BEBAAE /* Pods-TaxCalculatorTests.debug.xcconfig */ = {isa = PBXFileReference; includeInIndex = 1; lastKnownFileType = text.xcconfig; name = "Pods-TaxCalculatorTests.debug.xcconfig"; path = "Pods/Target Support Files/Pods-TaxCalculatorTests/Pods-TaxCalculatorTests.debug.xcconfig"; sourceTree = "<group>"; };
		16B6AEE528FE1157DF9D9A8F /* Pods-TaxCalculatorUITests.debug.xcconfig */ = {isa = PBXFileReference; includeInIndex = 1; lastKnownFileType = text.xcconfig; name = "Pods-TaxCalculatorUITests.debug.xcconfig"; path = "Pods/Target Support Files/Pods-TaxCalculatorUITests/Pods-TaxCalculatorUITests.debug.xcconfig"; sourceTree = "<group>"; };
		46006C8D1D80AF4800CCBFFE /* EmptyBackgroundView.swift */ = {isa = PBXFileReference; fileEncoding = 4; lastKnownFileType = sourcecode.swift; path = EmptyBackgroundView.swift; sourceTree = "<group>"; };
		46006C8F1D82332900CCBFFE /* SubMenuViewController.swift */ = {isa = PBXFileReference; fileEncoding = 4; lastKnownFileType = sourcecode.swift; path = SubMenuViewController.swift; sourceTree = "<group>"; };
		46006C911D82346F00CCBFFE /* CustomCell.swift */ = {isa = PBXFileReference; fileEncoding = 4; lastKnownFileType = sourcecode.swift; path = CustomCell.swift; sourceTree = "<group>"; };
		46006C961D82360D00CCBFFE /* NormalCell.xib */ = {isa = PBXFileReference; fileEncoding = 4; lastKnownFileType = file.xib; path = NormalCell.xib; sourceTree = "<group>"; };
		46006C981D82361E00CCBFFE /* TextfieldCell.xib */ = {isa = PBXFileReference; fileEncoding = 4; lastKnownFileType = file.xib; path = TextfieldCell.xib; sourceTree = "<group>"; };
		46006C9A1D82362500CCBFFE /* DatePickerCell.xib */ = {isa = PBXFileReference; fileEncoding = 4; lastKnownFileType = file.xib; path = DatePickerCell.xib; sourceTree = "<group>"; };
		46006C9C1D82363500CCBFFE /* SwitchCell.xib */ = {isa = PBXFileReference; fileEncoding = 4; lastKnownFileType = file.xib; path = SwitchCell.xib; sourceTree = "<group>"; };
		46006C9E1D82363C00CCBFFE /* ValuePickerCell.xib */ = {isa = PBXFileReference; fileEncoding = 4; lastKnownFileType = file.xib; path = ValuePickerCell.xib; sourceTree = "<group>"; };
		46006CA01D82364400CCBFFE /* SliderCell.xib */ = {isa = PBXFileReference; fileEncoding = 4; lastKnownFileType = file.xib; path = SliderCell.xib; sourceTree = "<group>"; };
		46006CA21D82365000CCBFFE /* CellDescriptor.plist */ = {isa = PBXFileReference; fileEncoding = 4; lastKnownFileType = text.plist.xml; path = CellDescriptor.plist; sourceTree = "<group>"; };
		460173741DAD231E002BE015 /* HelperLibrary.swift */ = {isa = PBXFileReference; fileEncoding = 4; lastKnownFileType = sourcecode.swift; path = HelperLibrary.swift; sourceTree = "<group>"; };
		460173761DAE76C5002BE015 /* Social.framework */ = {isa = PBXFileReference; lastKnownFileType = wrapper.framework; name = Social.framework; path = System/Library/Frameworks/Social.framework; sourceTree = SDKROOT; };
		4601737A1DAFC7DC002BE015 /* DeviceInfo.swift */ = {isa = PBXFileReference; fileEncoding = 4; lastKnownFileType = sourcecode.swift; path = DeviceInfo.swift; sourceTree = "<group>"; };
		4601737E1DB116B5002BE015 /* TermsViewController.swift */ = {isa = PBXFileReference; fileEncoding = 4; lastKnownFileType = sourcecode.swift; path = TermsViewController.swift; sourceTree = "<group>"; };
		460173801DB1C2D9002BE015 /* PrivacyViewController.swift */ = {isa = PBXFileReference; fileEncoding = 4; lastKnownFileType = sourcecode.swift; path = PrivacyViewController.swift; sourceTree = "<group>"; };
		460173821DB1C4C5002BE015 /* privacy.html */ = {isa = PBXFileReference; fileEncoding = 4; lastKnownFileType = text.html; path = privacy.html; sourceTree = "<group>"; };
		460173841DB1D483002BE015 /* privacyCSS.css */ = {isa = PBXFileReference; fileEncoding = 4; lastKnownFileType = text.css; path = privacyCSS.css; sourceTree = "<group>"; };
		460173861DB1F7F9002BE015 /* Terms.html */ = {isa = PBXFileReference; fileEncoding = 4; lastKnownFileType = text.html; path = Terms.html; sourceTree = "<group>"; };
		46020E0A1D5791AE0050C400 /* Fonts.swift */ = {isa = PBXFileReference; fileEncoding = 4; lastKnownFileType = sourcecode.swift; path = Fonts.swift; sourceTree = "<group>"; };
		460417441E1350A2003D5C9A /* DataHelper.swift */ = {isa = PBXFileReference; fileEncoding = 4; lastKnownFileType = sourcecode.swift; path = DataHelper.swift; sourceTree = "<group>"; };
		46069F671E0ABBFF00AA5A98 /* ForeignInvestmentIncome.swift */ = {isa = PBXFileReference; fileEncoding = 4; lastKnownFileType = sourcecode.swift; path = ForeignInvestmentIncome.swift; sourceTree = "<group>"; };
		460910F61D4178D5003C6A65 /* CoreDataSaver.swift */ = {isa = PBXFileReference; fileEncoding = 4; lastKnownFileType = sourcecode.swift; path = CoreDataSaver.swift; sourceTree = "<group>"; };
		460910F81D41A4C1003C6A65 /* User.swift */ = {isa = PBXFileReference; fileEncoding = 4; lastKnownFileType = sourcecode.swift; path = User.swift; sourceTree = "<group>"; };
		460910FA1D41A6C7003C6A65 /* User+CoreDataProperties.swift */ = {isa = PBXFileReference; fileEncoding = 4; lastKnownFileType = sourcecode.swift; path = "User+CoreDataProperties.swift"; sourceTree = "<group>"; };
		460910FD1D41A999003C6A65 /* CoreDataFetcher.swift */ = {isa = PBXFileReference; fileEncoding = 4; lastKnownFileType = sourcecode.swift; path = CoreDataFetcher.swift; sourceTree = "<group>"; };
		460910FF1D428C0F003C6A65 /* StepThree.swift */ = {isa = PBXFileReference; fileEncoding = 4; lastKnownFileType = sourcecode.swift; path = StepThree.swift; sourceTree = "<group>"; };
		460911011D428C69003C6A65 /* StepFour.swift */ = {isa = PBXFileReference; fileEncoding = 4; lastKnownFileType = sourcecode.swift; path = StepFour.swift; sourceTree = "<group>"; };
		460911031D42C364003C6A65 /* UserSettingsViewController.swift */ = {isa = PBXFileReference; fileEncoding = 4; lastKnownFileType = sourcecode.swift; path = UserSettingsViewController.swift; sourceTree = "<group>"; };
		4609F8271DF058F300BC9ED8 /* RRSP.swift */ = {isa = PBXFileReference; fileEncoding = 4; lastKnownFileType = sourcecode.swift; path = RRSP.swift; sourceTree = "<group>"; };
		460A25AD1E33569A0051C11C /* OntarioTax.swift */ = {isa = PBXFileReference; fileEncoding = 4; lastKnownFileType = sourcecode.swift; path = OntarioTax.swift; sourceTree = "<group>"; };
		460A25B01E3376FE0051C11C /* AlbertaTax.swift */ = {isa = PBXFileReference; fileEncoding = 4; lastKnownFileType = sourcecode.swift; path = AlbertaTax.swift; sourceTree = "<group>"; };
		460A25B21E33CB430051C11C /* BritishColumbiaTax.swift */ = {isa = PBXFileReference; fileEncoding = 4; lastKnownFileType = sourcecode.swift; path = BritishColumbiaTax.swift; sourceTree = "<group>"; };
		460BDEB81E35D0EB0023C04E /* ManitobaTax.swift */ = {isa = PBXFileReference; fileEncoding = 4; lastKnownFileType = sourcecode.swift; path = ManitobaTax.swift; sourceTree = "<group>"; };
		460BDEBB1E3680990023C04E /* Sasketchewan.swift */ = {isa = PBXFileReference; fileEncoding = 4; lastKnownFileType = sourcecode.swift; path = Sasketchewan.swift; sourceTree = "<group>"; };
		460D32B01E29655800A31D3E /* ProvincialTaxPro.swift */ = {isa = PBXFileReference; fileEncoding = 4; lastKnownFileType = sourcecode.swift; path = ProvincialTaxPro.swift; sourceTree = "<group>"; };
		4613227C1E4E6C3900371F75 /* NorthwestTerritoriesTax.swift */ = {isa = PBXFileReference; fileEncoding = 4; lastKnownFileType = sourcecode.swift; path = NorthwestTerritoriesTax.swift; sourceTree = "<group>"; };
		4615EF901D9502F2007CDEAA /* DefinitionViewController.swift */ = {isa = PBXFileReference; fileEncoding = 4; lastKnownFileType = sourcecode.swift; path = DefinitionViewController.swift; sourceTree = "<group>"; };
		4615EF961D990B9E007CDEAA /* ResultCell.xib */ = {isa = PBXFileReference; fileEncoding = 4; lastKnownFileType = file.xib; path = ResultCell.xib; sourceTree = "<group>"; };
		4615F8EB1E3842E000444E48 /* YukonTax.swift */ = {isa = PBXFileReference; fileEncoding = 4; lastKnownFileType = sourcecode.swift; path = YukonTax.swift; sourceTree = "<group>"; };
		4615F8ED1E395C8000444E48 /* NewBrunswickTax.swift */ = {isa = PBXFileReference; fileEncoding = 4; lastKnownFileType = sourcecode.swift; path = NewBrunswickTax.swift; sourceTree = "<group>"; };
		4629A86A1D777D4A006533BC /* InterestIncome.swift */ = {isa = PBXFileReference; fileEncoding = 4; lastKnownFileType = sourcecode.swift; path = InterestIncome.swift; sourceTree = "<group>"; };
		4629A86C1D7B622C006533BC /* Tax credit.swift */ = {isa = PBXFileReference; fileEncoding = 4; lastKnownFileType = sourcecode.swift; path = "Tax credit.swift"; sourceTree = "<group>"; };
		462A71771DA0E0510032444E /* Record+CoreDataProperties.swift */ = {isa = PBXFileReference; fileEncoding = 4; lastKnownFileType = sourcecode.swift; path = "Record+CoreDataProperties.swift"; sourceTree = "<group>"; };
		462A71781DA0E0510032444E /* Record.swift */ = {isa = PBXFileReference; fileEncoding = 4; lastKnownFileType = sourcecode.swift; path = Record.swift; sourceTree = "<group>"; };
		462A717B1DA0E0AE0032444E /* TableCellData+CoreDataProperties.swift */ = {isa = PBXFileReference; fileEncoding = 4; lastKnownFileType = sourcecode.swift; path = "TableCellData+CoreDataProperties.swift"; sourceTree = "<group>"; };
		462A717C1DA0E0AE0032444E /* TableCellData.swift */ = {isa = PBXFileReference; fileEncoding = 4; lastKnownFileType = sourcecode.swift; path = TableCellData.swift; sourceTree = "<group>"; };
		462A717F1DA0E0CC0032444E /* Value+CoreDataProperties.swift */ = {isa = PBXFileReference; fileEncoding = 4; lastKnownFileType = sourcecode.swift; path = "Value+CoreDataProperties.swift"; sourceTree = "<group>"; };
		462A71801DA0E0CC0032444E /* Value.swift */ = {isa = PBXFileReference; fileEncoding = 4; lastKnownFileType = sourcecode.swift; path = Value.swift; sourceTree = "<group>"; };
		462A71831DA0E55A0032444E /* README - Core Data Turotial */ = {isa = PBXFileReference; fileEncoding = 4; lastKnownFileType = text; path = "README - Core Data Turotial"; sourceTree = "<group>"; };
		462A71861DA65F860032444E /* SettingsTableViewController.swift */ = {isa = PBXFileReference; fileEncoding = 4; lastKnownFileType = sourcecode.swift; path = SettingsTableViewController.swift; sourceTree = "<group>"; };
		462D62611D33279000D4FE94 /* TaxCalculator.app */ = {isa = PBXFileReference; explicitFileType = wrapper.application; includeInIndex = 0; path = TaxCalculator.app; sourceTree = BUILT_PRODUCTS_DIR; };
		462D62641D33279000D4FE94 /* AppDelegate.swift */ = {isa = PBXFileReference; lastKnownFileType = sourcecode.swift; path = AppDelegate.swift; sourceTree = "<group>"; };
		462D62691D33279000D4FE94 /* Base */ = {isa = PBXFileReference; lastKnownFileType = file.storyboard; name = Base; path = Base.lproj/Main.storyboard; sourceTree = "<group>"; };
		462D626C1D33279000D4FE94 /* TaxCalculator.xcdatamodel */ = {isa = PBXFileReference; lastKnownFileType = wrapper.xcdatamodel; path = TaxCalculator.xcdatamodel; sourceTree = "<group>"; };
		462D626E1D33279000D4FE94 /* Assets.xcassets */ = {isa = PBXFileReference; lastKnownFileType = folder.assetcatalog; path = Assets.xcassets; sourceTree = "<group>"; };
		462D62711D33279000D4FE94 /* Base */ = {isa = PBXFileReference; lastKnownFileType = file.storyboard; name = Base; path = Base.lproj/LaunchScreen.storyboard; sourceTree = "<group>"; };
		462D62731D33279000D4FE94 /* Info.plist */ = {isa = PBXFileReference; lastKnownFileType = text.plist.xml; path = Info.plist; sourceTree = "<group>"; };
		462D62781D33279100D4FE94 /* TaxCalculatorTests.xctest */ = {isa = PBXFileReference; explicitFileType = wrapper.cfbundle; includeInIndex = 0; path = TaxCalculatorTests.xctest; sourceTree = BUILT_PRODUCTS_DIR; };
		462D627C1D33279100D4FE94 /* TaxCalculatorTests.swift */ = {isa = PBXFileReference; lastKnownFileType = sourcecode.swift; path = TaxCalculatorTests.swift; sourceTree = "<group>"; };
		462D627E1D33279100D4FE94 /* Info.plist */ = {isa = PBXFileReference; lastKnownFileType = text.plist.xml; path = Info.plist; sourceTree = "<group>"; };
		462D62831D33279100D4FE94 /* TaxCalculatorUITests.xctest */ = {isa = PBXFileReference; explicitFileType = wrapper.cfbundle; includeInIndex = 0; path = TaxCalculatorUITests.xctest; sourceTree = BUILT_PRODUCTS_DIR; };
		462D62871D33279100D4FE94 /* TaxCalculatorUITests.swift */ = {isa = PBXFileReference; lastKnownFileType = sourcecode.swift; path = TaxCalculatorUITests.swift; sourceTree = "<group>"; };
		462D62891D33279100D4FE94 /* Info.plist */ = {isa = PBXFileReference; lastKnownFileType = text.plist.xml; path = Info.plist; sourceTree = "<group>"; };
		462D62951D332FCE00D4FE94 /* Colors.swift */ = {isa = PBXFileReference; fileEncoding = 4; lastKnownFileType = sourcecode.swift; path = Colors.swift; sourceTree = "<group>"; };
		46344BCD1E4E49D1001F6536 /* NovaScotiaTax.swift */ = {isa = PBXFileReference; fileEncoding = 4; lastKnownFileType = sourcecode.swift; path = NovaScotiaTax.swift; sourceTree = "<group>"; };
		46369E001D459ACC00456B69 /* MessageUI.framework */ = {isa = PBXFileReference; lastKnownFileType = wrapper.framework; name = MessageUI.framework; path = System/Library/Frameworks/MessageUI.framework; sourceTree = SDKROOT; };
		46369E021D459ADC00456B69 /* CoreLocation.framework */ = {isa = PBXFileReference; lastKnownFileType = wrapper.framework; name = CoreLocation.framework; path = System/Library/Frameworks/CoreLocation.framework; sourceTree = SDKROOT; };
		46369E041D4912E700456B69 /* OrderedDictionary.swift */ = {isa = PBXFileReference; fileEncoding = 4; lastKnownFileType = sourcecode.swift; path = OrderedDictionary.swift; sourceTree = "<group>"; };
		463CDAD11E0FAD760096076F /* OldAgeSecurityPension.swift */ = {isa = PBXFileReference; fileEncoding = 4; lastKnownFileType = sourcecode.swift; path = OldAgeSecurityPension.swift; sourceTree = "<group>"; };
		465C74F91D62282800F9572A /* ResultViewController.swift */ = {isa = PBXFileReference; fileEncoding = 4; lastKnownFileType = sourcecode.swift; path = ResultViewController.swift; sourceTree = "<group>"; };
		465C74FC1D62A3F100F9572A /* HistoryViewController.swift */ = {isa = PBXFileReference; fileEncoding = 4; lastKnownFileType = sourcecode.swift; path = HistoryViewController.swift; sourceTree = "<group>"; };
		4670331D1D5FC75900688802 /* InputsViewController.swift */ = {isa = PBXFileReference; fileEncoding = 4; lastKnownFileType = sourcecode.swift; path = InputsViewController.swift; sourceTree = "<group>"; };
		4670331F1D612F8900688802 /* ProfileViewController.swift */ = {isa = PBXFileReference; fileEncoding = 4; lastKnownFileType = sourcecode.swift; path = ProfileViewController.swift; sourceTree = "<group>"; };
		467D34951D380110008D820B /* StartViewController.swift */ = {isa = PBXFileReference; fileEncoding = 4; lastKnownFileType = sourcecode.swift; path = StartViewController.swift; sourceTree = "<group>"; };
		467D34971D381D61008D820B /* CalculatorViewController.swift */ = {isa = PBXFileReference; fileEncoding = 4; lastKnownFileType = sourcecode.swift; path = CalculatorViewController.swift; sourceTree = "<group>"; };
		467EFC3F1D36EE1B00D3358D /* StepOne.swift */ = {isa = PBXFileReference; fileEncoding = 4; lastKnownFileType = sourcecode.swift; path = StepOne.swift; sourceTree = "<group>"; };
		467EFC411D36EE3700D3358D /* StepZero.swift */ = {isa = PBXFileReference; fileEncoding = 4; lastKnownFileType = sourcecode.swift; path = StepZero.swift; sourceTree = "<group>"; };
		467EFC431D36EEDA00D3358D /* StepTwo.swift */ = {isa = PBXFileReference; fileEncoding = 4; lastKnownFileType = sourcecode.swift; path = StepTwo.swift; sourceTree = "<group>"; };
		467EFC451D36F16E00D3358D /* OnboardingPagesViewController.swift */ = {isa = PBXFileReference; fileEncoding = 4; lastKnownFileType = sourcecode.swift; path = OnboardingPagesViewController.swift; sourceTree = "<group>"; };
		467EFC471D36F1BA00D3358D /* UIHelperLibrary.swift */ = {isa = PBXFileReference; fileEncoding = 4; lastKnownFileType = sourcecode.swift; path = UIHelperLibrary.swift; sourceTree = "<group>"; };
		4684CA731D5D5D9B009B0598 /* TopicsViewController.swift */ = {isa = PBXFileReference; fileEncoding = 4; lastKnownFileType = sourcecode.swift; path = TopicsViewController.swift; sourceTree = "<group>"; };
		4684CA751D5D5E0B009B0598 /* SubTopicsViewController.swift */ = {isa = PBXFileReference; fileEncoding = 4; lastKnownFileType = sourcecode.swift; path = SubTopicsViewController.swift; sourceTree = "<group>"; };
		468E07441D6E1B8300290D70 /* DividendIncome.swift */ = {isa = PBXFileReference; fileEncoding = 4; lastKnownFileType = sourcecode.swift; path = DividendIncome.swift; sourceTree = "<group>"; };
		469C30BB1D918C74002BBB4C /* TableCell.xib */ = {isa = PBXFileReference; fileEncoding = 4; lastKnownFileType = file.xib; path = TableCell.xib; sourceTree = "<group>"; };
		46B9E1C21D67A7A400B80106 /* HomeViewController.swift */ = {isa = PBXFileReference; fileEncoding = 4; lastKnownFileType = sourcecode.swift; path = HomeViewController.swift; sourceTree = "<group>"; };
		46DD946E1D3D65F000EC6294 /* SWRevealViewController.h */ = {isa = PBXFileReference; lastKnownFileType = sourcecode.c.h; path = SWRevealViewController.h; sourceTree = "<group>"; };
		46DD946F1D3D65F800EC6294 /* TaxCalculator-Bridging-Header.h */ = {isa = PBXFileReference; lastKnownFileType = sourcecode.c.h; path = "TaxCalculator-Bridging-Header.h"; sourceTree = "<group>"; };
		46DD94701D3D65F800EC6294 /* SWRevealViewController.m */ = {isa = PBXFileReference; fileEncoding = 4; lastKnownFileType = sourcecode.c.objc; path = SWRevealViewController.m; sourceTree = "<group>"; };
		46DD94741D3D76EF00EC6294 /* StartTabBarViewController.swift */ = {isa = PBXFileReference; fileEncoding = 4; lastKnownFileType = sourcecode.swift; path = StartTabBarViewController.swift; sourceTree = "<group>"; };
		46E972861D6BE4A1007AAD82 /* TaxBaseClasses.swift */ = {isa = PBXFileReference; fileEncoding = 4; lastKnownFileType = sourcecode.swift; path = TaxBaseClasses.swift; sourceTree = "<group>"; };
		46E972881D6BF28F007AAD82 /* Employment.swift */ = {isa = PBXFileReference; fileEncoding = 4; lastKnownFileType = sourcecode.swift; path = Employment.swift; sourceTree = "<group>"; };
		46FDB8CD1D9D4831005DE2EF /* SavedHistoryViewController.swift */ = {isa = PBXFileReference; fileEncoding = 4; lastKnownFileType = sourcecode.swift; path = SavedHistoryViewController.swift; sourceTree = "<group>"; };
		46FE9DC41D7081E0005A9E2D /* BasicInputsViewController.swift */ = {isa = PBXFileReference; fileEncoding = 4; lastKnownFileType = sourcecode.swift; path = BasicInputsViewController.swift; sourceTree = "<group>"; };
		46FE9DC91D72096A005A9E2D /* AfterResultViewController.swift */ = {isa = PBXFileReference; fileEncoding = 4; lastKnownFileType = sourcecode.swift; path = AfterResultViewController.swift; sourceTree = "<group>"; };
		46FE9DCB1D723041005A9E2D /* ProcessViewController.swift */ = {isa = PBXFileReference; fileEncoding = 4; lastKnownFileType = sourcecode.swift; path = ProcessViewController.swift; sourceTree = "<group>"; };
		46FE9DCD1D751B4E005A9E2D /* Menu.swift */ = {isa = PBXFileReference; fileEncoding = 4; lastKnownFileType = sourcecode.swift; path = Menu.swift; sourceTree = "<group>"; };
		46FE9DCF1D7684C8005A9E2D /* OptionsViewController.swift */ = {isa = PBXFileReference; fileEncoding = 4; lastKnownFileType = sourcecode.swift; path = OptionsViewController.swift; sourceTree = "<group>"; };
		46FF4E2E1D43E3980028C96E /* TaxPro.swift */ = {isa = PBXFileReference; fileEncoding = 4; lastKnownFileType = sourcecode.swift; path = TaxPro.swift; sourceTree = "<group>"; };
		46FF4E321D446D0E0028C96E /* ParentOnboardingPagesViewController.swift */ = {isa = PBXFileReference; fileEncoding = 4; lastKnownFileType = sourcecode.swift; path = ParentOnboardingPagesViewController.swift; sourceTree = "<group>"; };
		46FF4E341D4596D50028C96E /* ContactViewController.swift */ = {isa = PBXFileReference; fileEncoding = 4; lastKnownFileType = sourcecode.swift; path = ContactViewController.swift; sourceTree = "<group>"; };
		46FF63A01DBB998600D2AE97 /* AboutViewController.swift */ = {isa = PBXFileReference; fileEncoding = 4; lastKnownFileType = sourcecode.swift; path = AboutViewController.swift; sourceTree = "<group>"; };
		6D863E45694888916219BC97 /* Pods-TaxCalculatorUITests.release.xcconfig */ = {isa = PBXFileReference; includeInIndex = 1; lastKnownFileType = text.xcconfig; name = "Pods-TaxCalculatorUITests.release.xcconfig"; path = "Pods/Target Support Files/Pods-TaxCalculatorUITests/Pods-TaxCalculatorUITests.release.xcconfig"; sourceTree = "<group>"; };
		7737827E1F0141EC1792D492 /* Pods_TaxCalculatorTests.framework */ = {isa = PBXFileReference; explicitFileType = wrapper.framework; includeInIndex = 0; path = Pods_TaxCalculatorTests.framework; sourceTree = BUILT_PRODUCTS_DIR; };
		77AB9621C7B80B357F3917F4 /* Pods_TaxCalculator.framework */ = {isa = PBXFileReference; explicitFileType = wrapper.framework; includeInIndex = 0; path = Pods_TaxCalculator.framework; sourceTree = BUILT_PRODUCTS_DIR; };
		8210293436993C27133F2A38 /* Pods_TaxCalculatorUITests.framework */ = {isa = PBXFileReference; explicitFileType = wrapper.framework; includeInIndex = 0; path = Pods_TaxCalculatorUITests.framework; sourceTree = BUILT_PRODUCTS_DIR; };
		B691F5314C46346235450291 /* Pods-TaxCalculator.release.xcconfig */ = {isa = PBXFileReference; includeInIndex = 1; lastKnownFileType = text.xcconfig; name = "Pods-TaxCalculator.release.xcconfig"; path = "Pods/Target Support Files/Pods-TaxCalculator/Pods-TaxCalculator.release.xcconfig"; sourceTree = "<group>"; };
		D6608A231A3965E09AF8CDE3 /* Pods-TaxCalculatorTests.release.xcconfig */ = {isa = PBXFileReference; includeInIndex = 1; lastKnownFileType = text.xcconfig; name = "Pods-TaxCalculatorTests.release.xcconfig"; path = "Pods/Target Support Files/Pods-TaxCalculatorTests/Pods-TaxCalculatorTests.release.xcconfig"; sourceTree = "<group>"; };
		E89FE382EDE74CA1556F0D30 /* Pods-TaxCalculator.debug.xcconfig */ = {isa = PBXFileReference; includeInIndex = 1; lastKnownFileType = text.xcconfig; name = "Pods-TaxCalculator.debug.xcconfig"; path = "Pods/Target Support Files/Pods-TaxCalculator/Pods-TaxCalculator.debug.xcconfig"; sourceTree = "<group>"; };
/* End PBXFileReference section */

/* Begin PBXFrameworksBuildPhase section */
		462D625E1D33279000D4FE94 /* Frameworks */ = {
			isa = PBXFrameworksBuildPhase;
			buildActionMask = 2147483647;
			files = (
				460173771DAE76C5002BE015 /* Social.framework in Frameworks */,
				46369E031D459ADC00456B69 /* CoreLocation.framework in Frameworks */,
				46369E011D459ACC00456B69 /* MessageUI.framework in Frameworks */,
				D4166594122906E09DD1779A /* Pods_TaxCalculator.framework in Frameworks */,
			);
			runOnlyForDeploymentPostprocessing = 0;
		};
		462D62751D33279100D4FE94 /* Frameworks */ = {
			isa = PBXFrameworksBuildPhase;
			buildActionMask = 2147483647;
			files = (
				01DCDF86920F4079C17E626C /* Pods_TaxCalculatorTests.framework in Frameworks */,
			);
			runOnlyForDeploymentPostprocessing = 0;
		};
		462D62801D33279100D4FE94 /* Frameworks */ = {
			isa = PBXFrameworksBuildPhase;
			buildActionMask = 2147483647;
			files = (
				9E6F7F2FD0EDC62A389B25A4 /* Pods_TaxCalculatorUITests.framework in Frameworks */,
			);
			runOnlyForDeploymentPostprocessing = 0;
		};
/* End PBXFrameworksBuildPhase section */

/* Begin PBXGroup section */
		46006C931D8234A600CCBFFE /* Custom Cells */ = {
			isa = PBXGroup;
			children = (
				46006C9A1D82362500CCBFFE /* DatePickerCell.xib */,
				46006C981D82361E00CCBFFE /* TextfieldCell.xib */,
				46006C9E1D82363C00CCBFFE /* ValuePickerCell.xib */,
				46006CA01D82364400CCBFFE /* SliderCell.xib */,
				46006C9C1D82363500CCBFFE /* SwitchCell.xib */,
				46006C961D82360D00CCBFFE /* NormalCell.xib */,
				469C30BB1D918C74002BBB4C /* TableCell.xib */,
				4615EF961D990B9E007CDEAA /* ResultCell.xib */,
			);
			name = "Custom Cells";
			sourceTree = "<group>";
		};
		460173881DB1FB4C002BE015 /* htmls */ = {
			isa = PBXGroup;
			children = (
				460173861DB1F7F9002BE015 /* Terms.html */,
				460173821DB1C4C5002BE015 /* privacy.html */,
				460173841DB1D483002BE015 /* privacyCSS.css */,
			);
			name = htmls;
			sourceTree = "<group>";
		};
		460910F41D41789B003C6A65 /* CoreData */ = {
			isa = PBXGroup;
			children = (
				462A71831DA0E55A0032444E /* README - Core Data Turotial */,
				462A717F1DA0E0CC0032444E /* Value+CoreDataProperties.swift */,
				462A71801DA0E0CC0032444E /* Value.swift */,
				462A717B1DA0E0AE0032444E /* TableCellData+CoreDataProperties.swift */,
				462A717C1DA0E0AE0032444E /* TableCellData.swift */,
				462A71771DA0E0510032444E /* Record+CoreDataProperties.swift */,
				462A71781DA0E0510032444E /* Record.swift */,
				460910F81D41A4C1003C6A65 /* User.swift */,
				460910FA1D41A6C7003C6A65 /* User+CoreDataProperties.swift */,
				460910FC1D41A97E003C6A65 /* Fetcher */,
				460910F51D4178B1003C6A65 /* Saver */,
			);
			name = CoreData;
			sourceTree = "<group>";
		};
		460910F51D4178B1003C6A65 /* Saver */ = {
			isa = PBXGroup;
			children = (
				460910F61D4178D5003C6A65 /* CoreDataSaver.swift */,
			);
			name = Saver;
			sourceTree = "<group>";
		};
		460910FC1D41A97E003C6A65 /* Fetcher */ = {
			isa = PBXGroup;
			children = (
				460910FD1D41A999003C6A65 /* CoreDataFetcher.swift */,
			);
			name = Fetcher;
			sourceTree = "<group>";
		};
		460A25AF1E3376840051C11C /* ProvincialTax */ = {
			isa = PBXGroup;
			children = (
				460D32B01E29655800A31D3E /* ProvincialTaxPro.swift */,
				460BDEBA1E3680120023C04E /* All Provinces */,
			);
			name = ProvincialTax;
			sourceTree = "<group>";
		};
		460BDEBA1E3680120023C04E /* All Provinces */ = {
			isa = PBXGroup;
			children = (
				460A25AD1E33569A0051C11C /* OntarioTax.swift */,
				46344BCD1E4E49D1001F6536 /* NovaScotiaTax.swift */,
				4615F8ED1E395C8000444E48 /* NewBrunswickTax.swift */,
				4615F8EB1E3842E000444E48 /* YukonTax.swift */,
				460BDEBB1E3680990023C04E /* Sasketchewan.swift */,
				460A25B01E3376FE0051C11C /* AlbertaTax.swift */,
				460A25B21E33CB430051C11C /* BritishColumbiaTax.swift */,
				460BDEB81E35D0EB0023C04E /* ManitobaTax.swift */,
				4613227C1E4E6C3900371F75 /* NorthwestTerritoriesTax.swift */,
			);
			name = "All Provinces";
			sourceTree = "<group>";
		};
		462A71851DA65F500032444E /* Settings */ = {
			isa = PBXGroup;
			children = (
				460173881DB1FB4C002BE015 /* htmls */,
				462A71861DA65F860032444E /* SettingsTableViewController.swift */,
				460911031D42C364003C6A65 /* UserSettingsViewController.swift */,
				4601737E1DB116B5002BE015 /* TermsViewController.swift */,
				460173801DB1C2D9002BE015 /* PrivacyViewController.swift */,
				46FF63A01DBB998600D2AE97 /* AboutViewController.swift */,
			);
			name = Settings;
			sourceTree = "<group>";
		};
		462D62581D33279000D4FE94 = {
			isa = PBXGroup;
			children = (
				462D62631D33279000D4FE94 /* TaxCalculator */,
				462D627B1D33279100D4FE94 /* TaxCalculatorTests */,
				462D62861D33279100D4FE94 /* TaxCalculatorUITests */,
				462D62621D33279000D4FE94 /* Products */,
				DF9C0D8854765E90F6B3F88A /* Pods */,
				AE21AAD6080E1F20151E7A2B /* Frameworks */,
			);
			sourceTree = "<group>";
		};
		462D62621D33279000D4FE94 /* Products */ = {
			isa = PBXGroup;
			children = (
				462D62611D33279000D4FE94 /* TaxCalculator.app */,
				462D62781D33279100D4FE94 /* TaxCalculatorTests.xctest */,
				462D62831D33279100D4FE94 /* TaxCalculatorUITests.xctest */,
			);
			name = Products;
			sourceTree = "<group>";
		};
		462D62631D33279000D4FE94 /* TaxCalculator */ = {
			isa = PBXGroup;
			children = (
				46E9728A1D6BF2A0007AAD82 /* TaxFormulaClasses */,
				460910F41D41789B003C6A65 /* CoreData */,
				467EFC491D36F3C500D3358D /* Utility */,
				467D34941D3800AF008D820B /* Main */,
				46FE9DC81D7148E9005A9E2D /* unused file */,
				462D62641D33279000D4FE94 /* AppDelegate.swift */,
				462D62681D33279000D4FE94 /* Main.storyboard */,
				462D626E1D33279000D4FE94 /* Assets.xcassets */,
				462D62701D33279000D4FE94 /* LaunchScreen.storyboard */,
				462D62731D33279000D4FE94 /* Info.plist */,
				462D626B1D33279000D4FE94 /* TaxCalculator.xcdatamodeld */,
			);
			path = TaxCalculator;
			sourceTree = "<group>";
		};
		462D627B1D33279100D4FE94 /* TaxCalculatorTests */ = {
			isa = PBXGroup;
			children = (
				462D627C1D33279100D4FE94 /* TaxCalculatorTests.swift */,
				462D627E1D33279100D4FE94 /* Info.plist */,
			);
			path = TaxCalculatorTests;
			sourceTree = "<group>";
		};
		462D62861D33279100D4FE94 /* TaxCalculatorUITests */ = {
			isa = PBXGroup;
			children = (
				462D62871D33279100D4FE94 /* TaxCalculatorUITests.swift */,
				462D62891D33279100D4FE94 /* Info.plist */,
			);
			path = TaxCalculatorUITests;
			sourceTree = "<group>";
		};
		465C74FB1D62A3CA00F9572A /* History */ = {
			isa = PBXGroup;
			children = (
				465C74FC1D62A3F100F9572A /* HistoryViewController.swift */,
				46FDB8CD1D9D4831005DE2EF /* SavedHistoryViewController.swift */,
			);
			name = History;
			sourceTree = "<group>";
		};
		467D34941D3800AF008D820B /* Main */ = {
			isa = PBXGroup;
			children = (
				462A71851DA65F500032444E /* Settings */,
				46B9E1C01D67A71C00B80106 /* Home-Search */,
				467EFC3E1D36EDEF00D3358D /* Onboardingpages */,
				46DD946D1D3D65DA00EC6294 /* SWRevealView */,
				467D34951D380110008D820B /* StartViewController.swift */,
				46DD94741D3D76EF00EC6294 /* StartTabBarViewController.swift */,
				4684CA721D5D5A48009B0598 /* Calculation */,
				465C74FB1D62A3CA00F9572A /* History */,
			);
			name = Main;
			sourceTree = "<group>";
		};
		467EFC3E1D36EDEF00D3358D /* Onboardingpages */ = {
			isa = PBXGroup;
			children = (
				467EFC451D36F16E00D3358D /* OnboardingPagesViewController.swift */,
				46FF4E321D446D0E0028C96E /* ParentOnboardingPagesViewController.swift */,
				460173741DAD231E002BE015 /* HelperLibrary.swift */,
				467EFC411D36EE3700D3358D /* StepZero.swift */,
				467EFC3F1D36EE1B00D3358D /* StepOne.swift */,
				467EFC431D36EEDA00D3358D /* StepTwo.swift */,
				460910FF1D428C0F003C6A65 /* StepThree.swift */,
				460911011D428C69003C6A65 /* StepFour.swift */,
			);
			name = Onboardingpages;
			sourceTree = "<group>";
		};
		467EFC491D36F3C500D3358D /* Utility */ = {
			isa = PBXGroup;
			children = (
				467EFC471D36F1BA00D3358D /* UIHelperLibrary.swift */,
				46020E0A1D5791AE0050C400 /* Fonts.swift */,
				46369E041D4912E700456B69 /* OrderedDictionary.swift */,
				462D62951D332FCE00D4FE94 /* Colors.swift */,
				46006C911D82346F00CCBFFE /* CustomCell.swift */,
				46006C8D1D80AF4800CCBFFE /* EmptyBackgroundView.swift */,
				4601737A1DAFC7DC002BE015 /* DeviceInfo.swift */,
				460417441E1350A2003D5C9A /* DataHelper.swift */,
				46006C931D8234A600CCBFFE /* Custom Cells */,
			);
			name = Utility;
			sourceTree = "<group>";
		};
		4684CA721D5D5A48009B0598 /* Calculation */ = {
			isa = PBXGroup;
			children = (
				4684CA731D5D5D9B009B0598 /* TopicsViewController.swift */,
				46006C8F1D82332900CCBFFE /* SubMenuViewController.swift */,
				46FE9DC41D7081E0005A9E2D /* BasicInputsViewController.swift */,
				4670331F1D612F8900688802 /* ProfileViewController.swift */,
				465C74F91D62282800F9572A /* ResultViewController.swift */,
				46FE9DC91D72096A005A9E2D /* AfterResultViewController.swift */,
				4615EF901D9502F2007CDEAA /* DefinitionViewController.swift */,
				46FE9DCB1D723041005A9E2D /* ProcessViewController.swift */,
			);
			name = Calculation;
			sourceTree = "<group>";
		};
		468E07401D6D3C5500290D70 /* Strategies */ = {
			isa = PBXGroup;
			children = (
				468E07431D6D3CC800290D70 /* Tax Credit */,
				468E07421D6D3CB500290D70 /* Deduction */,
				468E07411D6D3C7400290D70 /* Income */,
			);
			name = Strategies;
			sourceTree = "<group>";
		};
		468E07411D6D3C7400290D70 /* Income */ = {
			isa = PBXGroup;
			children = (
				46E972881D6BF28F007AAD82 /* Employment.swift */,
				463CDAD11E0FAD760096076F /* OldAgeSecurityPension.swift */,
				46069F671E0ABBFF00AA5A98 /* ForeignInvestmentIncome.swift */,
				468E07441D6E1B8300290D70 /* DividendIncome.swift */,
				4629A86A1D777D4A006533BC /* InterestIncome.swift */,
			);
			name = Income;
			sourceTree = "<group>";
		};
		468E07421D6D3CB500290D70 /* Deduction */ = {
			isa = PBXGroup;
			children = (
				4609F8271DF058F300BC9ED8 /* RRSP.swift */,
			);
			name = Deduction;
			sourceTree = "<group>";
		};
		468E07431D6D3CC800290D70 /* Tax Credit */ = {
			isa = PBXGroup;
			children = (
				4629A86C1D7B622C006533BC /* Tax credit.swift */,
			);
			name = "Tax Credit";
			sourceTree = "<group>";
		};
		46B9E1C01D67A71C00B80106 /* Home-Search */ = {
			isa = PBXGroup;
			children = (
				46B9E1C21D67A7A400B80106 /* HomeViewController.swift */,
			);
			name = "Home-Search";
			sourceTree = "<group>";
		};
		46DD946D1D3D65DA00EC6294 /* SWRevealView */ = {
			isa = PBXGroup;
			children = (
				46DD946E1D3D65F000EC6294 /* SWRevealViewController.h */,
				46DD94701D3D65F800EC6294 /* SWRevealViewController.m */,
				46DD946F1D3D65F800EC6294 /* TaxCalculator-Bridging-Header.h */,
			);
			name = SWRevealView;
			sourceTree = "<group>";
		};
		46E9728A1D6BF2A0007AAD82 /* TaxFormulaClasses */ = {
			isa = PBXGroup;
			children = (
				460A25AF1E3376840051C11C /* ProvincialTax */,
				46FF4E2E1D43E3980028C96E /* TaxPro.swift */,
				46E972861D6BE4A1007AAD82 /* TaxBaseClasses.swift */,
				46FE9DCD1D751B4E005A9E2D /* Menu.swift */,
				468E07401D6D3C5500290D70 /* Strategies */,
			);
			name = TaxFormulaClasses;
			sourceTree = "<group>";
		};
		46FE9DC81D7148E9005A9E2D /* unused file */ = {
			isa = PBXGroup;
			children = (
				46FF4E341D4596D50028C96E /* ContactViewController.swift */,
				46006CA21D82365000CCBFFE /* CellDescriptor.plist */,
				467D34971D381D61008D820B /* CalculatorViewController.swift */,
				4684CA751D5D5E0B009B0598 /* SubTopicsViewController.swift */,
				46FE9DCF1D7684C8005A9E2D /* OptionsViewController.swift */,
				4670331D1D5FC75900688802 /* InputsViewController.swift */,
			);
			name = "unused file";
			sourceTree = "<group>";
		};
		AE21AAD6080E1F20151E7A2B /* Frameworks */ = {
			isa = PBXGroup;
			children = (
				46369E001D459ACC00456B69 /* MessageUI.framework */,
				46369E021D459ADC00456B69 /* CoreLocation.framework */,
				460173761DAE76C5002BE015 /* Social.framework */,
				77AB9621C7B80B357F3917F4 /* Pods_TaxCalculator.framework */,
				7737827E1F0141EC1792D492 /* Pods_TaxCalculatorTests.framework */,
				8210293436993C27133F2A38 /* Pods_TaxCalculatorUITests.framework */,
			);
			name = Frameworks;
			sourceTree = "<group>";
		};
		DF9C0D8854765E90F6B3F88A /* Pods */ = {
			isa = PBXGroup;
			children = (
				E89FE382EDE74CA1556F0D30 /* Pods-TaxCalculator.debug.xcconfig */,
				B691F5314C46346235450291 /* Pods-TaxCalculator.release.xcconfig */,
				10FA72CB9FB6A65914BEBAAE /* Pods-TaxCalculatorTests.debug.xcconfig */,
				D6608A231A3965E09AF8CDE3 /* Pods-TaxCalculatorTests.release.xcconfig */,
				16B6AEE528FE1157DF9D9A8F /* Pods-TaxCalculatorUITests.debug.xcconfig */,
				6D863E45694888916219BC97 /* Pods-TaxCalculatorUITests.release.xcconfig */,
			);
			name = Pods;
			sourceTree = "<group>";
		};
/* End PBXGroup section */

/* Begin PBXNativeTarget section */
		462D62601D33279000D4FE94 /* TaxCalculator */ = {
			isa = PBXNativeTarget;
			buildConfigurationList = 462D628C1D33279100D4FE94 /* Build configuration list for PBXNativeTarget "TaxCalculator" */;
			buildPhases = (
				DD38481DCE3220DCFD902784 /* [CP] Check Pods Manifest.lock */,
				462D625D1D33279000D4FE94 /* Sources */,
				462D625E1D33279000D4FE94 /* Frameworks */,
				462D625F1D33279000D4FE94 /* Resources */,
				6C328CE63662BC9EE66D37F2 /* [CP] Embed Pods Frameworks */,
				C2BCDFA6F7EF7071553B388A /* [CP] Copy Pods Resources */,
				462214EF1D8876C800BD334A /* Embed Frameworks */,
			);
			buildRules = (
			);
			dependencies = (
			);
			name = TaxCalculator;
			productName = TaxCalculator;
			productReference = 462D62611D33279000D4FE94 /* TaxCalculator.app */;
			productType = "com.apple.product-type.application";
		};
		462D62771D33279100D4FE94 /* TaxCalculatorTests */ = {
			isa = PBXNativeTarget;
			buildConfigurationList = 462D628F1D33279100D4FE94 /* Build configuration list for PBXNativeTarget "TaxCalculatorTests" */;
			buildPhases = (
				C2E6074A354111FED6FD4CBB /* [CP] Check Pods Manifest.lock */,
				462D62741D33279100D4FE94 /* Sources */,
				462D62751D33279100D4FE94 /* Frameworks */,
				462D62761D33279100D4FE94 /* Resources */,
				D0CDEACF8BC777B039B21EC5 /* [CP] Embed Pods Frameworks */,
				9389A35BE61E18924FC735E8 /* [CP] Copy Pods Resources */,
			);
			buildRules = (
			);
			dependencies = (
				462D627A1D33279100D4FE94 /* PBXTargetDependency */,
			);
			name = TaxCalculatorTests;
			productName = TaxCalculatorTests;
			productReference = 462D62781D33279100D4FE94 /* TaxCalculatorTests.xctest */;
			productType = "com.apple.product-type.bundle.unit-test";
		};
		462D62821D33279100D4FE94 /* TaxCalculatorUITests */ = {
			isa = PBXNativeTarget;
			buildConfigurationList = 462D62921D33279100D4FE94 /* Build configuration list for PBXNativeTarget "TaxCalculatorUITests" */;
			buildPhases = (
				FA2AA2223FAFF7ECFCF75F80 /* [CP] Check Pods Manifest.lock */,
				462D627F1D33279100D4FE94 /* Sources */,
				462D62801D33279100D4FE94 /* Frameworks */,
				462D62811D33279100D4FE94 /* Resources */,
				D148248EA9D111108FA21261 /* [CP] Copy Pods Resources */,
			);
			buildRules = (
			);
			dependencies = (
				462D62851D33279100D4FE94 /* PBXTargetDependency */,
			);
			name = TaxCalculatorUITests;
			productName = TaxCalculatorUITests;
			productReference = 462D62831D33279100D4FE94 /* TaxCalculatorUITests.xctest */;
			productType = "com.apple.product-type.bundle.ui-testing";
		};
/* End PBXNativeTarget section */

/* Begin PBXProject section */
		462D62591D33279000D4FE94 /* Project object */ = {
			isa = PBXProject;
			attributes = {
				LastSwiftUpdateCheck = 0720;
				LastUpgradeCheck = 0720;
				ORGANIZATIONNAME = "WTC Tax";
				TargetAttributes = {
					462D62601D33279000D4FE94 = {
						CreatedOnToolsVersion = 7.2.1;
					};
					462D62771D33279100D4FE94 = {
						CreatedOnToolsVersion = 7.2.1;
						TestTargetID = 462D62601D33279000D4FE94;
					};
					462D62821D33279100D4FE94 = {
						CreatedOnToolsVersion = 7.2.1;
						TestTargetID = 462D62601D33279000D4FE94;
					};
				};
			};
			buildConfigurationList = 462D625C1D33279000D4FE94 /* Build configuration list for PBXProject "TaxCalculator" */;
			compatibilityVersion = "Xcode 3.2";
			developmentRegion = English;
			hasScannedForEncodings = 0;
			knownRegions = (
				en,
				Base,
			);
			mainGroup = 462D62581D33279000D4FE94;
			productRefGroup = 462D62621D33279000D4FE94 /* Products */;
			projectDirPath = "";
			projectRoot = "";
			targets = (
				462D62601D33279000D4FE94 /* TaxCalculator */,
				462D62771D33279100D4FE94 /* TaxCalculatorTests */,
				462D62821D33279100D4FE94 /* TaxCalculatorUITests */,
			);
		};
/* End PBXProject section */

/* Begin PBXResourcesBuildPhase section */
		462D625F1D33279000D4FE94 /* Resources */ = {
			isa = PBXResourcesBuildPhase;
			buildActionMask = 2147483647;
			files = (
				46006CA11D82364400CCBFFE /* SliderCell.xib in Resources */,
				46006CA31D82365000CCBFFE /* CellDescriptor.plist in Resources */,
				469C30BC1D918C74002BBB4C /* TableCell.xib in Resources */,
				46006C971D82360D00CCBFFE /* NormalCell.xib in Resources */,
				46006C991D82361E00CCBFFE /* TextfieldCell.xib in Resources */,
				462D62721D33279000D4FE94 /* LaunchScreen.storyboard in Resources */,
				46006C9B1D82362500CCBFFE /* DatePickerCell.xib in Resources */,
				462D626F1D33279000D4FE94 /* Assets.xcassets in Resources */,
				460173871DB1F7F9002BE015 /* Terms.html in Resources */,
				46006C9D1D82363500CCBFFE /* SwitchCell.xib in Resources */,
				462D626A1D33279000D4FE94 /* Main.storyboard in Resources */,
				460173851DB1D483002BE015 /* privacyCSS.css in Resources */,
				462A71841DA0E55A0032444E /* README - Core Data Turotial in Resources */,
				460173831DB1C4C5002BE015 /* privacy.html in Resources */,
				4615EF971D990B9E007CDEAA /* ResultCell.xib in Resources */,
				46006C9F1D82363C00CCBFFE /* ValuePickerCell.xib in Resources */,
			);
			runOnlyForDeploymentPostprocessing = 0;
		};
		462D62761D33279100D4FE94 /* Resources */ = {
			isa = PBXResourcesBuildPhase;
			buildActionMask = 2147483647;
			files = (
			);
			runOnlyForDeploymentPostprocessing = 0;
		};
		462D62811D33279100D4FE94 /* Resources */ = {
			isa = PBXResourcesBuildPhase;
			buildActionMask = 2147483647;
			files = (
			);
			runOnlyForDeploymentPostprocessing = 0;
		};
/* End PBXResourcesBuildPhase section */

/* Begin PBXShellScriptBuildPhase section */
		6C328CE63662BC9EE66D37F2 /* [CP] Embed Pods Frameworks */ = {
			isa = PBXShellScriptBuildPhase;
			buildActionMask = 2147483647;
			files = (
			);
			inputPaths = (
			);
			name = "[CP] Embed Pods Frameworks";
			outputPaths = (
			);
			runOnlyForDeploymentPostprocessing = 0;
			shellPath = /bin/sh;
			shellScript = "\"${SRCROOT}/Pods/Target Support Files/Pods-TaxCalculator/Pods-TaxCalculator-frameworks.sh\"\n";
			showEnvVarsInLog = 0;
		};
		9389A35BE61E18924FC735E8 /* [CP] Copy Pods Resources */ = {
			isa = PBXShellScriptBuildPhase;
			buildActionMask = 2147483647;
			files = (
			);
			inputPaths = (
			);
			name = "[CP] Copy Pods Resources";
			outputPaths = (
			);
			runOnlyForDeploymentPostprocessing = 0;
			shellPath = /bin/sh;
			shellScript = "\"${SRCROOT}/Pods/Target Support Files/Pods-TaxCalculatorTests/Pods-TaxCalculatorTests-resources.sh\"\n";
			showEnvVarsInLog = 0;
		};
		C2BCDFA6F7EF7071553B388A /* [CP] Copy Pods Resources */ = {
			isa = PBXShellScriptBuildPhase;
			buildActionMask = 2147483647;
			files = (
			);
			inputPaths = (
			);
			name = "[CP] Copy Pods Resources";
			outputPaths = (
			);
			runOnlyForDeploymentPostprocessing = 0;
			shellPath = /bin/sh;
			shellScript = "\"${SRCROOT}/Pods/Target Support Files/Pods-TaxCalculator/Pods-TaxCalculator-resources.sh\"\n";
			showEnvVarsInLog = 0;
		};
		C2E6074A354111FED6FD4CBB /* [CP] Check Pods Manifest.lock */ = {
			isa = PBXShellScriptBuildPhase;
			buildActionMask = 2147483647;
			files = (
			);
			inputPaths = (
			);
			name = "[CP] Check Pods Manifest.lock";
			outputPaths = (
			);
			runOnlyForDeploymentPostprocessing = 0;
			shellPath = /bin/sh;
			shellScript = "diff \"${PODS_ROOT}/../Podfile.lock\" \"${PODS_ROOT}/Manifest.lock\" > /dev/null\nif [[ $? != 0 ]] ; then\n    cat << EOM\nerror: The sandbox is not in sync with the Podfile.lock. Run 'pod install' or update your CocoaPods installation.\nEOM\n    exit 1\nfi\n";
			showEnvVarsInLog = 0;
		};
		D0CDEACF8BC777B039B21EC5 /* [CP] Embed Pods Frameworks */ = {
			isa = PBXShellScriptBuildPhase;
			buildActionMask = 2147483647;
			files = (
			);
			inputPaths = (
			);
			name = "[CP] Embed Pods Frameworks";
			outputPaths = (
			);
			runOnlyForDeploymentPostprocessing = 0;
			shellPath = /bin/sh;
			shellScript = "\"${SRCROOT}/Pods/Target Support Files/Pods-TaxCalculatorTests/Pods-TaxCalculatorTests-frameworks.sh\"\n";
			showEnvVarsInLog = 0;
		};
		D148248EA9D111108FA21261 /* [CP] Copy Pods Resources */ = {
			isa = PBXShellScriptBuildPhase;
			buildActionMask = 2147483647;
			files = (
			);
			inputPaths = (
			);
			name = "[CP] Copy Pods Resources";
			outputPaths = (
			);
			runOnlyForDeploymentPostprocessing = 0;
			shellPath = /bin/sh;
			shellScript = "\"${SRCROOT}/Pods/Target Support Files/Pods-TaxCalculatorUITests/Pods-TaxCalculatorUITests-resources.sh\"\n";
			showEnvVarsInLog = 0;
		};
		DD38481DCE3220DCFD902784 /* [CP] Check Pods Manifest.lock */ = {
			isa = PBXShellScriptBuildPhase;
			buildActionMask = 2147483647;
			files = (
			);
			inputPaths = (
			);
			name = "[CP] Check Pods Manifest.lock";
			outputPaths = (
			);
			runOnlyForDeploymentPostprocessing = 0;
			shellPath = /bin/sh;
			shellScript = "diff \"${PODS_ROOT}/../Podfile.lock\" \"${PODS_ROOT}/Manifest.lock\" > /dev/null\nif [[ $? != 0 ]] ; then\n    cat << EOM\nerror: The sandbox is not in sync with the Podfile.lock. Run 'pod install' or update your CocoaPods installation.\nEOM\n    exit 1\nfi\n";
			showEnvVarsInLog = 0;
		};
		FA2AA2223FAFF7ECFCF75F80 /* [CP] Check Pods Manifest.lock */ = {
			isa = PBXShellScriptBuildPhase;
			buildActionMask = 2147483647;
			files = (
			);
			inputPaths = (
			);
			name = "[CP] Check Pods Manifest.lock";
			outputPaths = (
			);
			runOnlyForDeploymentPostprocessing = 0;
			shellPath = /bin/sh;
			shellScript = "diff \"${PODS_ROOT}/../Podfile.lock\" \"${PODS_ROOT}/Manifest.lock\" > /dev/null\nif [[ $? != 0 ]] ; then\n    cat << EOM\nerror: The sandbox is not in sync with the Podfile.lock. Run 'pod install' or update your CocoaPods installation.\nEOM\n    exit 1\nfi\n";
			showEnvVarsInLog = 0;
		};
/* End PBXShellScriptBuildPhase section */

/* Begin PBXSourcesBuildPhase section */
		462D625D1D33279000D4FE94 /* Sources */ = {
			isa = PBXSourcesBuildPhase;
			buildActionMask = 2147483647;
			files = (
				46DD94751D3D76EF00EC6294 /* StartTabBarViewController.swift in Sources */,
				460A25B31E33CB430051C11C /* BritishColumbiaTax.swift in Sources */,
				460D32B11E29655800A31D3E /* ProvincialTaxPro.swift in Sources */,
				460173751DAD231E002BE015 /* HelperLibrary.swift in Sources */,
				4615F8EC1E3842E000444E48 /* YukonTax.swift in Sources */,
				467EFC441D36EEDA00D3358D /* StepTwo.swift in Sources */,
				462A717A1DA0E0510032444E /* Record.swift in Sources */,
				4613227D1E4E6C3900371F75 /* NorthwestTerritoriesTax.swift in Sources */,
				4601737B1DAFC7DC002BE015 /* DeviceInfo.swift in Sources */,
				46006C921D82346F00CCBFFE /* CustomCell.swift in Sources */,
				46B9E1C31D67A7A400B80106 /* HomeViewController.swift in Sources */,
				4615EF911D9502F2007CDEAA /* DefinitionViewController.swift in Sources */,
				465C74FA1D62282800F9572A /* ResultViewController.swift in Sources */,
				462A71811DA0E0CC0032444E /* Value+CoreDataProperties.swift in Sources */,
				4601737F1DB116B5002BE015 /* TermsViewController.swift in Sources */,
				463CDAD21E0FAD760096076F /* OldAgeSecurityPension.swift in Sources */,
				462A71791DA0E0510032444E /* Record+CoreDataProperties.swift in Sources */,
				465C74FD1D62A3F100F9572A /* HistoryViewController.swift in Sources */,
				46E972871D6BE4A1007AAD82 /* TaxBaseClasses.swift in Sources */,
				460910FB1D41A6C7003C6A65 /* User+CoreDataProperties.swift in Sources */,
				46FE9DC51D7081E0005A9E2D /* BasicInputsViewController.swift in Sources */,
				460A25B11E3376FE0051C11C /* AlbertaTax.swift in Sources */,
				460910F71D4178D5003C6A65 /* CoreDataSaver.swift in Sources */,
				46006C901D82332900CCBFFE /* SubMenuViewController.swift in Sources */,
				4629A86D1D7B622C006533BC /* Tax credit.swift in Sources */,
				462D62961D332FCE00D4FE94 /* Colors.swift in Sources */,
				468E07451D6E1B8300290D70 /* DividendIncome.swift in Sources */,
				467D34981D381D61008D820B /* CalculatorViewController.swift in Sources */,
				462D62651D33279000D4FE94 /* AppDelegate.swift in Sources */,
				46006C8E1D80AF4800CCBFFE /* EmptyBackgroundView.swift in Sources */,
				460911001D428C0F003C6A65 /* StepThree.swift in Sources */,
				460910FE1D41A999003C6A65 /* CoreDataFetcher.swift in Sources */,
				4615F8EE1E395C8100444E48 /* NewBrunswickTax.swift in Sources */,
				46FF63A11DBB998600D2AE97 /* AboutViewController.swift in Sources */,
				46344BCE1E4E49D1001F6536 /* NovaScotiaTax.swift in Sources */,
				46FF4E331D446D0E0028C96E /* ParentOnboardingPagesViewController.swift in Sources */,
				467EFC461D36F16E00D3358D /* OnboardingPagesViewController.swift in Sources */,
				46E972891D6BF28F007AAD82 /* Employment.swift in Sources */,
				460910F91D41A4C1003C6A65 /* User.swift in Sources */,
				460BDEB91E35D0EB0023C04E /* ManitobaTax.swift in Sources */,
				4670331E1D5FC75900688802 /* InputsViewController.swift in Sources */,
				460911021D428C69003C6A65 /* StepFour.swift in Sources */,
				46FE9DD01D7684C8005A9E2D /* OptionsViewController.swift in Sources */,
				46069F681E0ABBFF00AA5A98 /* ForeignInvestmentIncome.swift in Sources */,
				4684CA761D5D5E0B009B0598 /* SubTopicsViewController.swift in Sources */,
				460173811DB1C2D9002BE015 /* PrivacyViewController.swift in Sources */,
				467D34961D380110008D820B /* StartViewController.swift in Sources */,
				462D626D1D33279000D4FE94 /* TaxCalculator.xcdatamodeld in Sources */,
				462A717E1DA0E0AE0032444E /* TableCellData.swift in Sources */,
				467EFC481D36F1BA00D3358D /* UIHelperLibrary.swift in Sources */,
				467033201D612F8900688802 /* ProfileViewController.swift in Sources */,
				460417451E1350A2003D5C9A /* DataHelper.swift in Sources */,
				46FE9DCA1D72096A005A9E2D /* AfterResultViewController.swift in Sources */,
				462A717D1DA0E0AE0032444E /* TableCellData+CoreDataProperties.swift in Sources */,
				460BDEBC1E3680990023C04E /* Sasketchewan.swift in Sources */,
				462A71871DA65F860032444E /* SettingsTableViewController.swift in Sources */,
				46020E0B1D5791AE0050C400 /* Fonts.swift in Sources */,
				460911041D42C364003C6A65 /* UserSettingsViewController.swift in Sources */,
				4684CA741D5D5D9B009B0598 /* TopicsViewController.swift in Sources */,
				46FE9DCE1D751B4E005A9E2D /* Menu.swift in Sources */,
				460A25AE1E33569A0051C11C /* OntarioTax.swift in Sources */,
				4629A86B1D777D4A006533BC /* InterestIncome.swift in Sources */,
				46FF4E351D4596D50028C96E /* ContactViewController.swift in Sources */,
				46FE9DCC1D723041005A9E2D /* ProcessViewController.swift in Sources */,
				467EFC401D36EE1B00D3358D /* StepOne.swift in Sources */,
				4609F8281DF058F300BC9ED8 /* RRSP.swift in Sources */,
				46FF4E2F1D43E3980028C96E /* TaxPro.swift in Sources */,
				467EFC421D36EE3700D3358D /* StepZero.swift in Sources */,
				46369E051D4912E700456B69 /* OrderedDictionary.swift in Sources */,
				46FDB8CE1D9D4831005DE2EF /* SavedHistoryViewController.swift in Sources */,
				46DD94711D3D65F800EC6294 /* SWRevealViewController.m in Sources */,
				462A71821DA0E0CC0032444E /* Value.swift in Sources */,
			);
			runOnlyForDeploymentPostprocessing = 0;
		};
		462D62741D33279100D4FE94 /* Sources */ = {
			isa = PBXSourcesBuildPhase;
			buildActionMask = 2147483647;
			files = (
				462D627D1D33279100D4FE94 /* TaxCalculatorTests.swift in Sources */,
			);
			runOnlyForDeploymentPostprocessing = 0;
		};
		462D627F1D33279100D4FE94 /* Sources */ = {
			isa = PBXSourcesBuildPhase;
			buildActionMask = 2147483647;
			files = (
				462D62881D33279100D4FE94 /* TaxCalculatorUITests.swift in Sources */,
			);
			runOnlyForDeploymentPostprocessing = 0;
		};
/* End PBXSourcesBuildPhase section */

/* Begin PBXTargetDependency section */
		462D627A1D33279100D4FE94 /* PBXTargetDependency */ = {
			isa = PBXTargetDependency;
			target = 462D62601D33279000D4FE94 /* TaxCalculator */;
			targetProxy = 462D62791D33279100D4FE94 /* PBXContainerItemProxy */;
		};
		462D62851D33279100D4FE94 /* PBXTargetDependency */ = {
			isa = PBXTargetDependency;
			target = 462D62601D33279000D4FE94 /* TaxCalculator */;
			targetProxy = 462D62841D33279100D4FE94 /* PBXContainerItemProxy */;
		};
/* End PBXTargetDependency section */

/* Begin PBXVariantGroup section */
		462D62681D33279000D4FE94 /* Main.storyboard */ = {
			isa = PBXVariantGroup;
			children = (
				462D62691D33279000D4FE94 /* Base */,
			);
			name = Main.storyboard;
			sourceTree = "<group>";
		};
		462D62701D33279000D4FE94 /* LaunchScreen.storyboard */ = {
			isa = PBXVariantGroup;
			children = (
				462D62711D33279000D4FE94 /* Base */,
			);
			name = LaunchScreen.storyboard;
			sourceTree = "<group>";
		};
/* End PBXVariantGroup section */

/* Begin XCBuildConfiguration section */
		462D628A1D33279100D4FE94 /* Debug */ = {
			isa = XCBuildConfiguration;
			buildSettings = {
				ALWAYS_SEARCH_USER_PATHS = NO;
				CLANG_CXX_LANGUAGE_STANDARD = "gnu++0x";
				CLANG_CXX_LIBRARY = "libc++";
				CLANG_ENABLE_MODULES = YES;
				CLANG_ENABLE_OBJC_ARC = YES;
				CLANG_WARN_BOOL_CONVERSION = YES;
				CLANG_WARN_CONSTANT_CONVERSION = YES;
				CLANG_WARN_DIRECT_OBJC_ISA_USAGE = YES_ERROR;
				CLANG_WARN_EMPTY_BODY = YES;
				CLANG_WARN_ENUM_CONVERSION = YES;
				CLANG_WARN_INT_CONVERSION = YES;
				CLANG_WARN_OBJC_ROOT_CLASS = YES_ERROR;
				CLANG_WARN_UNREACHABLE_CODE = YES;
				CLANG_WARN__DUPLICATE_METHOD_MATCH = YES;
				"CODE_SIGN_IDENTITY[sdk=iphoneos*]" = "iPhone Developer";
				COPY_PHASE_STRIP = NO;
				DEBUG_INFORMATION_FORMAT = dwarf;
				ENABLE_STRICT_OBJC_MSGSEND = YES;
				ENABLE_TESTABILITY = YES;
				GCC_C_LANGUAGE_STANDARD = gnu99;
				GCC_DYNAMIC_NO_PIC = NO;
				GCC_NO_COMMON_BLOCKS = YES;
				GCC_OPTIMIZATION_LEVEL = 0;
				GCC_PREPROCESSOR_DEFINITIONS = (
					"DEBUG=1",
					"$(inherited)",
				);
				GCC_WARN_64_TO_32_BIT_CONVERSION = YES;
				GCC_WARN_ABOUT_RETURN_TYPE = YES_ERROR;
				GCC_WARN_UNDECLARED_SELECTOR = YES;
				GCC_WARN_UNINITIALIZED_AUTOS = YES_AGGRESSIVE;
				GCC_WARN_UNUSED_FUNCTION = YES;
				GCC_WARN_UNUSED_VARIABLE = YES;
				IPHONEOS_DEPLOYMENT_TARGET = 9.2;
				MTL_ENABLE_DEBUG_INFO = YES;
				ONLY_ACTIVE_ARCH = YES;
				SDKROOT = iphoneos;
				SWIFT_OPTIMIZATION_LEVEL = "-Onone";
				TARGETED_DEVICE_FAMILY = "1,2";
			};
			name = Debug;
		};
		462D628B1D33279100D4FE94 /* Release */ = {
			isa = XCBuildConfiguration;
			buildSettings = {
				ALWAYS_SEARCH_USER_PATHS = NO;
				CLANG_CXX_LANGUAGE_STANDARD = "gnu++0x";
				CLANG_CXX_LIBRARY = "libc++";
				CLANG_ENABLE_MODULES = YES;
				CLANG_ENABLE_OBJC_ARC = YES;
				CLANG_WARN_BOOL_CONVERSION = YES;
				CLANG_WARN_CONSTANT_CONVERSION = YES;
				CLANG_WARN_DIRECT_OBJC_ISA_USAGE = YES_ERROR;
				CLANG_WARN_EMPTY_BODY = YES;
				CLANG_WARN_ENUM_CONVERSION = YES;
				CLANG_WARN_INT_CONVERSION = YES;
				CLANG_WARN_OBJC_ROOT_CLASS = YES_ERROR;
				CLANG_WARN_UNREACHABLE_CODE = YES;
				CLANG_WARN__DUPLICATE_METHOD_MATCH = YES;
				"CODE_SIGN_IDENTITY[sdk=iphoneos*]" = "iPhone Developer";
				COPY_PHASE_STRIP = NO;
				DEBUG_INFORMATION_FORMAT = "dwarf-with-dsym";
				ENABLE_NS_ASSERTIONS = NO;
				ENABLE_STRICT_OBJC_MSGSEND = YES;
				GCC_C_LANGUAGE_STANDARD = gnu99;
				GCC_NO_COMMON_BLOCKS = YES;
				GCC_WARN_64_TO_32_BIT_CONVERSION = YES;
				GCC_WARN_ABOUT_RETURN_TYPE = YES_ERROR;
				GCC_WARN_UNDECLARED_SELECTOR = YES;
				GCC_WARN_UNINITIALIZED_AUTOS = YES_AGGRESSIVE;
				GCC_WARN_UNUSED_FUNCTION = YES;
				GCC_WARN_UNUSED_VARIABLE = YES;
				IPHONEOS_DEPLOYMENT_TARGET = 9.2;
				MTL_ENABLE_DEBUG_INFO = NO;
				SDKROOT = iphoneos;
				TARGETED_DEVICE_FAMILY = "1,2";
				VALIDATE_PRODUCT = YES;
			};
			name = Release;
		};
		462D628D1D33279100D4FE94 /* Debug */ = {
			isa = XCBuildConfiguration;
			baseConfigurationReference = E89FE382EDE74CA1556F0D30 /* Pods-TaxCalculator.debug.xcconfig */;
			buildSettings = {
				ASSETCATALOG_COMPILER_APPICON_NAME = AppIcon;
				CLANG_ENABLE_MODULES = YES;
				EMBEDDED_CONTENT_CONTAINS_SWIFT = "$(inherited)";
				INFOPLIST_FILE = TaxCalculator/Info.plist;
				LD_RUNPATH_SEARCH_PATHS = "$(inherited) @executable_path/Frameworks";
				PRODUCT_BUNDLE_IDENTIFIER = wtctax.TaxCalculator;
				PRODUCT_NAME = "$(TARGET_NAME)";
				SWIFT_OBJC_BRIDGING_HEADER = "TaxCalculator/TaxCalculator-Bridging-Header.h";
				SWIFT_OPTIMIZATION_LEVEL = "-Onone";
			};
			name = Debug;
		};
		462D628E1D33279100D4FE94 /* Release */ = {
			isa = XCBuildConfiguration;
			baseConfigurationReference = B691F5314C46346235450291 /* Pods-TaxCalculator.release.xcconfig */;
			buildSettings = {
				ASSETCATALOG_COMPILER_APPICON_NAME = AppIcon;
				CLANG_ENABLE_MODULES = YES;
				EMBEDDED_CONTENT_CONTAINS_SWIFT = "$(inherited)";
				INFOPLIST_FILE = TaxCalculator/Info.plist;
				LD_RUNPATH_SEARCH_PATHS = "$(inherited) @executable_path/Frameworks";
				PRODUCT_BUNDLE_IDENTIFIER = wtctax.TaxCalculator;
				PRODUCT_NAME = "$(TARGET_NAME)";
				SWIFT_OBJC_BRIDGING_HEADER = "TaxCalculator/TaxCalculator-Bridging-Header.h";
			};
			name = Release;
		};
		462D62901D33279100D4FE94 /* Debug */ = {
			isa = XCBuildConfiguration;
			baseConfigurationReference = 10FA72CB9FB6A65914BEBAAE /* Pods-TaxCalculatorTests.debug.xcconfig */;
			buildSettings = {
				BUNDLE_LOADER = "$(TEST_HOST)";
				INFOPLIST_FILE = TaxCalculatorTests/Info.plist;
				LD_RUNPATH_SEARCH_PATHS = "$(inherited) @executable_path/Frameworks @loader_path/Frameworks";
				PRODUCT_BUNDLE_IDENTIFIER = wtctax.TaxCalculatorTests;
				PRODUCT_NAME = "$(TARGET_NAME)";
				TEST_HOST = "$(BUILT_PRODUCTS_DIR)/TaxCalculator.app/TaxCalculator";
			};
			name = Debug;
		};
		462D62911D33279100D4FE94 /* Release */ = {
			isa = XCBuildConfiguration;
			baseConfigurationReference = D6608A231A3965E09AF8CDE3 /* Pods-TaxCalculatorTests.release.xcconfig */;
			buildSettings = {
				BUNDLE_LOADER = "$(TEST_HOST)";
				INFOPLIST_FILE = TaxCalculatorTests/Info.plist;
				LD_RUNPATH_SEARCH_PATHS = "$(inherited) @executable_path/Frameworks @loader_path/Frameworks";
				PRODUCT_BUNDLE_IDENTIFIER = wtctax.TaxCalculatorTests;
				PRODUCT_NAME = "$(TARGET_NAME)";
				TEST_HOST = "$(BUILT_PRODUCTS_DIR)/TaxCalculator.app/TaxCalculator";
			};
			name = Release;
		};
		462D62931D33279100D4FE94 /* Debug */ = {
			isa = XCBuildConfiguration;
			baseConfigurationReference = 16B6AEE528FE1157DF9D9A8F /* Pods-TaxCalculatorUITests.debug.xcconfig */;
			buildSettings = {
				INFOPLIST_FILE = TaxCalculatorUITests/Info.plist;
				LD_RUNPATH_SEARCH_PATHS = "$(inherited) @executable_path/Frameworks @loader_path/Frameworks";
				PRODUCT_BUNDLE_IDENTIFIER = wtctax.TaxCalculatorUITests;
				PRODUCT_NAME = "$(TARGET_NAME)";
				TEST_TARGET_NAME = TaxCalculator;
				USES_XCTRUNNER = YES;
			};
			name = Debug;
		};
		462D62941D33279100D4FE94 /* Release */ = {
			isa = XCBuildConfiguration;
			baseConfigurationReference = 6D863E45694888916219BC97 /* Pods-TaxCalculatorUITests.release.xcconfig */;
			buildSettings = {
				INFOPLIST_FILE = TaxCalculatorUITests/Info.plist;
				LD_RUNPATH_SEARCH_PATHS = "$(inherited) @executable_path/Frameworks @loader_path/Frameworks";
				PRODUCT_BUNDLE_IDENTIFIER = wtctax.TaxCalculatorUITests;
				PRODUCT_NAME = "$(TARGET_NAME)";
				TEST_TARGET_NAME = TaxCalculator;
				USES_XCTRUNNER = YES;
			};
			name = Release;
		};
/* End XCBuildConfiguration section */

/* Begin XCConfigurationList section */
		462D625C1D33279000D4FE94 /* Build configuration list for PBXProject "TaxCalculator" */ = {
			isa = XCConfigurationList;
			buildConfigurations = (
				462D628A1D33279100D4FE94 /* Debug */,
				462D628B1D33279100D4FE94 /* Release */,
			);
			defaultConfigurationIsVisible = 0;
			defaultConfigurationName = Release;
		};
		462D628C1D33279100D4FE94 /* Build configuration list for PBXNativeTarget "TaxCalculator" */ = {
			isa = XCConfigurationList;
			buildConfigurations = (
				462D628D1D33279100D4FE94 /* Debug */,
				462D628E1D33279100D4FE94 /* Release */,
			);
			defaultConfigurationIsVisible = 0;
			defaultConfigurationName = Release;
		};
		462D628F1D33279100D4FE94 /* Build configuration list for PBXNativeTarget "TaxCalculatorTests" */ = {
			isa = XCConfigurationList;
			buildConfigurations = (
				462D62901D33279100D4FE94 /* Debug */,
				462D62911D33279100D4FE94 /* Release */,
			);
			defaultConfigurationIsVisible = 0;
			defaultConfigurationName = Release;
		};
		462D62921D33279100D4FE94 /* Build configuration list for PBXNativeTarget "TaxCalculatorUITests" */ = {
			isa = XCConfigurationList;
			buildConfigurations = (
				462D62931D33279100D4FE94 /* Debug */,
				462D62941D33279100D4FE94 /* Release */,
			);
			defaultConfigurationIsVisible = 0;
			defaultConfigurationName = Release;
		};
/* End XCConfigurationList section */

/* Begin XCVersionGroup section */
		462D626B1D33279000D4FE94 /* TaxCalculator.xcdatamodeld */ = {
			isa = XCVersionGroup;
			children = (
				462D626C1D33279000D4FE94 /* TaxCalculator.xcdatamodel */,
			);
			currentVersion = 462D626C1D33279000D4FE94 /* TaxCalculator.xcdatamodel */;
			path = TaxCalculator.xcdatamodeld;
			sourceTree = "<group>";
			versionGroupType = wrapper.xcdatamodel;
		};
/* End XCVersionGroup section */
	};
	rootObject = 462D62591D33279000D4FE94 /* Project object */;
}
